{
  "version": 4,
  "terraform_version": "1.5.5",
  "serial": 55,
  "lineage": "1d7c923d-b9b0-a644-1cbe-a2a8a684f54e",
  "outputs": {
    "test": {
      "value": "us-central1-docker.pkg.dev/dev-ingenius-app-173049/frontend-repo/frontend",
      "type": "string"
    }
  },
  "resources": [
    {
      "mode": "data",
      "type": "google_billing_account",
      "name": "asritha_ba",
      "provider": "provider[\"registry.terraform.io/hashicorp/google\"]",
      "instances": [
        {
          "schema_version": 0,
          "attributes": {
            "billing_account": "0171C3-085B94-E5D89A",
            "display_name": "My Billing Account",
            "id": "0171C3-085B94-E5D89A",
            "lookup_projects": true,
            "name": "billingAccounts/0171C3-085B94-E5D89A",
            "open": true,
            "project_ids": [
              "dev-ingenius-app-173049",
              "prod-ingenius-app-759987"
            ]
          },
          "sensitive_attributes": []
        }
      ]
    },
    {
      "mode": "data",
      "type": "google_compute_network",
      "name": "default_vpc",
      "provider": "provider[\"registry.terraform.io/hashicorp/google\"]",
      "instances": [
        {
          "schema_version": 0,
          "attributes": {
            "description": "Default network for the project",
            "gateway_ipv4": "",
            "id": "projects/dev-ingenius-app-173049/global/networks/default",
            "internal_ipv6_range": "",
            "name": "default",
            "project": "dev-ingenius-app-173049",
            "self_link": "https://www.googleapis.com/compute/v1/projects/dev-ingenius-app-173049/global/networks/default",
            "subnetworks_self_links": [
              "https://www.googleapis.com/compute/v1/projects/dev-ingenius-app-173049/regions/us-west4/subnetworks/default",
              "https://www.googleapis.com/compute/v1/projects/dev-ingenius-app-173049/regions/europe-west9/subnetworks/default",
              "https://www.googleapis.com/compute/v1/projects/dev-ingenius-app-173049/regions/europe-west12/subnetworks/default",
              "https://www.googleapis.com/compute/v1/projects/dev-ingenius-app-173049/regions/europe-north1/subnetworks/default",
              "https://www.googleapis.com/compute/v1/projects/dev-ingenius-app-173049/regions/me-west1/subnetworks/default",
              "https://www.googleapis.com/compute/v1/projects/dev-ingenius-app-173049/regions/europe-west10/subnetworks/default",
              "https://www.googleapis.com/compute/v1/projects/dev-ingenius-app-173049/regions/us-east7/subnetworks/default",
              "https://www.googleapis.com/compute/v1/projects/dev-ingenius-app-173049/regions/us-west8/subnetworks/default",
              "https://www.googleapis.com/compute/v1/projects/dev-ingenius-app-173049/regions/asia-northeast3/subnetworks/default",
              "https://www.googleapis.com/compute/v1/projects/dev-ingenius-app-173049/regions/australia-southeast1/subnetworks/default",
              "https://www.googleapis.com/compute/v1/projects/dev-ingenius-app-173049/regions/asia-northeast1/subnetworks/default",
              "https://www.googleapis.com/compute/v1/projects/dev-ingenius-app-173049/regions/africa-south1/subnetworks/default",
              "https://www.googleapis.com/compute/v1/projects/dev-ingenius-app-173049/regions/us-west2/subnetworks/default",
              "https://www.googleapis.com/compute/v1/projects/dev-ingenius-app-173049/regions/europe-southwest1/subnetworks/default",
              "https://www.googleapis.com/compute/v1/projects/dev-ingenius-app-173049/regions/us-west3/subnetworks/default",
              "https://www.googleapis.com/compute/v1/projects/dev-ingenius-app-173049/regions/us-east4/subnetworks/default",
              "https://www.googleapis.com/compute/v1/projects/dev-ingenius-app-173049/regions/europe-central2/subnetworks/default",
              "https://www.googleapis.com/compute/v1/projects/dev-ingenius-app-173049/regions/asia-south1/subnetworks/default",
              "https://www.googleapis.com/compute/v1/projects/dev-ingenius-app-173049/regions/asia-southeast1/subnetworks/default",
              "https://www.googleapis.com/compute/v1/projects/dev-ingenius-app-173049/regions/asia-south2/subnetworks/default",
              "https://www.googleapis.com/compute/v1/projects/dev-ingenius-app-173049/regions/asia-southeast2/subnetworks/default",
              "https://www.googleapis.com/compute/v1/projects/dev-ingenius-app-173049/regions/us-south1/subnetworks/default",
              "https://www.googleapis.com/compute/v1/projects/dev-ingenius-app-173049/regions/europe-west1/subnetworks/default",
              "https://www.googleapis.com/compute/v1/projects/dev-ingenius-app-173049/regions/us-central1/subnetworks/default",
              "https://www.googleapis.com/compute/v1/projects/dev-ingenius-app-173049/regions/asia-east1/subnetworks/default",
              "https://www.googleapis.com/compute/v1/projects/dev-ingenius-app-173049/regions/us-west1/subnetworks/default",
              "https://www.googleapis.com/compute/v1/projects/dev-ingenius-app-173049/regions/europe-west2/subnetworks/default",
              "https://www.googleapis.com/compute/v1/projects/dev-ingenius-app-173049/regions/southamerica-west1/subnetworks/default",
              "https://www.googleapis.com/compute/v1/projects/dev-ingenius-app-173049/regions/asia-northeast2/subnetworks/default",
              "https://www.googleapis.com/compute/v1/projects/dev-ingenius-app-173049/regions/asia-east2/subnetworks/default",
              "https://www.googleapis.com/compute/v1/projects/dev-ingenius-app-173049/regions/northamerica-northeast1/subnetworks/default",
              "https://www.googleapis.com/compute/v1/projects/dev-ingenius-app-173049/regions/northamerica-northeast2/subnetworks/default",
              "https://www.googleapis.com/compute/v1/projects/dev-ingenius-app-173049/regions/me-central1/subnetworks/default",
              "https://www.googleapis.com/compute/v1/projects/dev-ingenius-app-173049/regions/europe-west3/subnetworks/default",
              "https://www.googleapis.com/compute/v1/projects/dev-ingenius-app-173049/regions/europe-west4/subnetworks/default",
              "https://www.googleapis.com/compute/v1/projects/dev-ingenius-app-173049/regions/europe-west6/subnetworks/default",
              "https://www.googleapis.com/compute/v1/projects/dev-ingenius-app-173049/regions/australia-southeast2/subnetworks/default",
              "https://www.googleapis.com/compute/v1/projects/dev-ingenius-app-173049/regions/us-east1/subnetworks/default",
              "https://www.googleapis.com/compute/v1/projects/dev-ingenius-app-173049/regions/europe-west8/subnetworks/default",
              "https://www.googleapis.com/compute/v1/projects/dev-ingenius-app-173049/regions/southamerica-east1/subnetworks/default",
              "https://www.googleapis.com/compute/v1/projects/dev-ingenius-app-173049/regions/us-east5/subnetworks/default"
            ]
          },
          "sensitive_attributes": []
        }
      ]
    },
    {
      "mode": "data",
      "type": "google_organization",
      "name": "ingenius",
      "provider": "provider[\"registry.terraform.io/hashicorp/google\"]",
      "instances": [
        {
          "schema_version": 0,
          "attributes": {
            "create_time": "2024-03-19T14:08:54.568Z",
            "directory_customer_id": "C01ku1jb9",
            "domain": "ingenius.studio",
            "id": "organizations/704419274799",
            "lifecycle_state": "ACTIVE",
            "name": "organizations/704419274799",
            "org_id": "704419274799",
            "organization": null
          },
          "sensitive_attributes": []
        }
      ]
    },
    {
      "mode": "data",
      "type": "google_project",
      "name": "dev",
      "provider": "provider[\"registry.terraform.io/hashicorp/google\"]",
      "instances": [
        {
          "schema_version": 0,
          "attributes": {
            "auto_create_network": null,
            "billing_account": "0171C3-085B94-E5D89A",
            "effective_labels": {},
            "folder_id": "",
            "id": "projects/dev-ingenius-app-173049",
            "labels": {},
            "name": "dev-ingenius-app",
            "number": "1008550909912",
            "org_id": "704419274799",
            "project_id": "dev-ingenius-app-173049",
            "skip_delete": null,
            "terraform_labels": {}
          },
          "sensitive_attributes": []
        }
      ]
    },
    {
      "module": "module.frontend",
      "mode": "managed",
      "type": "google_artifact_registry_repository",
      "name": "frontend_repo",
      "provider": "provider[\"registry.terraform.io/hashicorp/google\"]",
      "instances": [
        {
          "schema_version": 0,
          "attributes": {
            "cleanup_policies": [],
            "cleanup_policy_dry_run": false,
            "create_time": "2024-07-03T23:22:56.695544Z",
            "description": "Frontend App Docker Images Repository",
            "docker_config": [],
            "effective_labels": {},
            "format": "DOCKER",
            "id": "projects/dev-ingenius-app-173049/locations/us-central1/repositories/frontend-repo",
            "kms_key_name": "",
            "labels": {},
            "location": "us-central1",
            "maven_config": [],
            "mode": "STANDARD_REPOSITORY",
            "name": "frontend-repo",
            "project": "dev-ingenius-app-173049",
            "remote_repository_config": [],
            "repository_id": "frontend-repo",
            "terraform_labels": {},
            "timeouts": null,
            "update_time": "2024-07-05T15:42:34.666383Z",
            "virtual_repository_config": []
          },
          "sensitive_attributes": [],
          "private": "eyJlMmJmYjczMC1lY2FhLTExZTYtOGY4OC0zNDM2M2JjN2M0YzAiOnsiY3JlYXRlIjoxMjAwMDAwMDAwMDAwLCJkZWxldGUiOjEyMDAwMDAwMDAwMDAsInVwZGF0ZSI6MTIwMDAwMDAwMDAwMH19"
        }
      ]
    },
    {
      "module": "module.frontend",
      "mode": "managed",
      "type": "google_cloud_run_service_iam_binding",
      "name": "frontend_cr_iam",
      "provider": "provider[\"registry.terraform.io/hashicorp/google\"]",
      "instances": [
        {
          "schema_version": 0,
          "attributes": {
            "condition": [],
            "etag": "BwYcgem6pWQ=",
            "id": "v1/projects/dev-ingenius-app-173049/locations/us-central1/services/frontend-cr-service/roles/run.invoker",
            "location": "us-central1",
            "members": [
              "allUsers"
            ],
            "project": "dev-ingenius-app-173049",
            "role": "roles/run.invoker",
            "service": "v1/projects/dev-ingenius-app-173049/locations/us-central1/services/frontend-cr-service"
          },
          "sensitive_attributes": [],
          "private": "bnVsbA==",
          "dependencies": [
            "module.frontend.google_cloud_run_v2_service.frontend_cr"
          ]
        }
      ]
    },
    {
      "module": "module.frontend",
      "mode": "managed",
      "type": "google_cloud_run_v2_service",
      "name": "frontend_cr",
      "provider": "provider[\"registry.terraform.io/hashicorp/google\"]",
      "instances": [
        {
          "schema_version": 0,
          "attributes": {
            "annotations": {},
            "binary_authorization": [],
            "client": "",
            "client_version": "",
            "conditions": [
              {
                "execution_reason": "",
                "last_transition_time": "2024-07-09T18:30:51.912725Z",
                "message": "",
                "reason": "",
                "revision_reason": "",
                "severity": "",
                "state": "CONDITION_SUCCEEDED",
                "type": "RoutesReady"
              },
              {
                "execution_reason": "",
                "last_transition_time": "2024-07-03T23:22:48.826351Z",
                "message": "",
                "reason": "",
                "revision_reason": "",
                "severity": "",
                "state": "CONDITION_SUCCEEDED",
                "type": "ConfigurationsReady"
              }
            ],
            "create_time": "2024-07-03T23:22:48.417324Z",
            "creator": "asritha@ingenius.studio",
            "custom_audiences": [],
            "delete_time": "",
            "description": "",
            "effective_annotations": {},
            "effective_labels": {},
            "etag": "\"CNiDtrQGEIic95wB/cHJvamVjdHMvZGV2LWluZ2VuaXVzLWFwcC0xNzMwNDkvbG9jYXRpb25zL3VzLWNlbnRyYWwxL3NlcnZpY2VzL2Zyb250ZW5kLWNyLXNlcnZpY2U\"",
            "expire_time": "",
            "generation": "5",
            "id": "projects/dev-ingenius-app-173049/locations/us-central1/services/frontend-cr-service",
            "ingress": "INGRESS_TRAFFIC_ALL",
            "labels": {},
            "last_modifier": "asritha@ingenius.studio",
            "latest_created_revision": "projects/dev-ingenius-app-173049/locations/us-central1/services/frontend-cr-service/revisions/frontend-cr-service-00005-7c5",
            "latest_ready_revision": "projects/dev-ingenius-app-173049/locations/us-central1/services/frontend-cr-service/revisions/frontend-cr-service-00005-7c5",
            "launch_stage": "GA",
            "location": "us-central1",
            "name": "frontend-cr-service",
            "observed_generation": "5",
            "project": "dev-ingenius-app-173049",
            "reconciling": false,
            "template": [
              {
                "annotations": {},
                "containers": [
                  {
                    "args": [],
                    "command": [],
                    "depends_on": [],
                    "env": [],
                    "image": "us-docker.pkg.dev/cloudrun/container/hello",
                    "liveness_probe": [],
                    "name": "",
                    "ports": [
                      {
                        "container_port": 8080,
                        "name": "http1"
                      }
                    ],
                    "resources": [
                      {
                        "cpu_idle": true,
                        "limits": {
                          "cpu": "1000m",
                          "memory": "512Mi"
                        },
                        "startup_cpu_boost": false
                      }
                    ],
                    "startup_probe": [
                      {
                        "failure_threshold": 1,
                        "grpc": [],
                        "http_get": [],
                        "initial_delay_seconds": 0,
                        "period_seconds": 240,
                        "tcp_socket": [
                          {
                            "port": 8080
                          }
                        ],
                        "timeout_seconds": 240
                      }
                    ],
                    "volume_mounts": [],
                    "working_dir": ""
                  }
                ],
                "encryption_key": "",
                "execution_environment": "",
                "labels": {},
                "max_instance_request_concurrency": 80,
                "revision": "",
                "scaling": [
                  {
                    "max_instance_count": 100,
                    "min_instance_count": 0
                  }
                ],
                "service_account": "1008550909912-compute@developer.gserviceaccount.com",
                "session_affinity": false,
                "timeout": "300s",
                "volumes": [],
                "vpc_access": []
              }
            ],
            "terminal_condition": [
              {
                "execution_reason": "",
                "last_transition_time": "2024-07-09T18:30:51.941089Z",
                "message": "",
                "reason": "",
                "revision_reason": "",
                "severity": "",
                "state": "CONDITION_SUCCEEDED",
                "type": "Ready"
              }
            ],
            "terraform_labels": {},
            "timeouts": null,
            "traffic": [
              {
                "percent": 100,
                "revision": "",
                "tag": "",
                "type": "TRAFFIC_TARGET_ALLOCATION_TYPE_LATEST"
              }
            ],
            "traffic_statuses": [
              {
                "percent": 100,
                "revision": "",
                "tag": "",
                "type": "TRAFFIC_TARGET_ALLOCATION_TYPE_LATEST",
                "uri": ""
              }
            ],
            "uid": "5892fff3-fc17-45f9-aa0e-0cfc7ea1d7c7",
            "update_time": "2024-07-09T18:30:48.329109Z",
            "uri": "https://frontend-cr-service-zp5moiy2ha-uc.a.run.app"
          },
          "sensitive_attributes": [],
          "private": "eyJlMmJmYjczMC1lY2FhLTExZTYtOGY4OC0zNDM2M2JjN2M0YzAiOnsiY3JlYXRlIjoxMjAwMDAwMDAwMDAwLCJkZWxldGUiOjEyMDAwMDAwMDAwMDAsInVwZGF0ZSI6MTIwMDAwMDAwMDAwMH19"
        }
      ]
    },
    {
      "module": "module.frontend",
      "mode": "managed",
      "type": "google_cloudbuild_trigger",
      "name": "frontend_cloudbuild_trigger",
      "provider": "provider[\"registry.terraform.io/hashicorp/google\"]",
      "instances": [
        {
          "schema_version": 2,
          "attributes": {
            "approval_config": [
              {
                "approval_required": false
              }
            ],
            "bitbucket_server_trigger_config": [],
            "build": [
              {
                "artifacts": [],
                "available_secrets": [],
                "images": [],
                "logs_bucket": "",
                "options": [
                  {
                    "disk_size_gb": 0,
                    "dynamic_substitutions": false,
                    "env": [],
                    "log_streaming_option": "",
                    "logging": "CLOUD_LOGGING_ONLY",
                    "machine_type": "",
                    "requested_verify_option": "",
                    "secret_env": [],
                    "source_provenance_hash": [],
                    "substitution_option": "",
                    "volumes": [],
                    "worker_pool": ""
                  }
                ],
                "queue_ttl": "",
                "secret": [],
                "source": [],
                "step": [
                  {
                    "allow_exit_codes": [],
                    "allow_failure": false,
                    "args": [
                      "build",
                      "-t",
                      "us-central1-docker.pkg.dev/dev-ingenius-app-173049/frontend-repo/frontend",
                      "."
                    ],
                    "dir": "",
                    "entrypoint": "",
                    "env": [],
                    "id": "",
                    "name": "gcr.io/cloud-builders/docker",
                    "script": "",
                    "secret_env": [],
                    "timeout": "",
                    "timing": "",
                    "volumes": [],
                    "wait_for": []
                  },
                  {
                    "allow_exit_codes": [],
                    "allow_failure": false,
                    "args": [
                      "push",
                      "us-central1-docker.pkg.dev/dev-ingenius-app-173049/frontend-repo/frontend"
                    ],
                    "dir": "",
                    "entrypoint": "",
                    "env": [],
                    "id": "",
                    "name": "gcr.io/cloud-builders/docker",
                    "script": "",
                    "secret_env": [],
                    "timeout": "1200s",
                    "timing": "",
                    "volumes": [],
                    "wait_for": []
                  },
                  {
                    "allow_exit_codes": [],
                    "allow_failure": false,
                    "args": [
                      "run",
                      "deploy",
                      "frontend-cr-service",
                      "--image",
                      "us-central1-docker.pkg.dev/dev-ingenius-app-173049/frontend-repo/frontend",
                      "--region",
                      "us-central1",
                      "--platform",
                      "managed",
                      "--allow-unauthenticated"
                    ],
                    "dir": "",
                    "entrypoint": "",
                    "env": [],
                    "id": "",
                    "name": "gcr.io/cloud-builders/gcloud",
                    "script": "",
                    "secret_env": [],
                    "timeout": "",
                    "timing": "",
                    "volumes": [],
                    "wait_for": []
                  }
                ],
                "substitutions": {},
                "tags": [],
                "timeout": "2400s"
              }
            ],
            "create_time": "2024-07-03T23:30:08.055773824Z",
            "description": "",
            "disabled": false,
            "filename": "",
            "filter": "",
            "git_file_source": [],
            "github": [],
            "id": "projects/dev-ingenius-app-173049/locations/us-central1/triggers/be0f4fab-c965-4259-9b81-427c7ce876a0",
            "ignored_files": [],
            "include_build_logs": "",
            "included_files": [],
            "location": "us-central1",
            "name": "ingenius-frontend-build",
            "project": "dev-ingenius-app-173049",
            "pubsub_config": [],
            "repository_event_config": [],
            "service_account": "projects/dev-ingenius-app-173049/serviceAccounts/cloudbuild-sa@dev-ingenius-app-173049.iam.gserviceaccount.com",
            "source_to_build": [],
            "substitutions": {},
            "tags": [],
            "timeouts": null,
            "trigger_id": "be0f4fab-c965-4259-9b81-427c7ce876a0",
            "trigger_template": [
              {
                "branch_name": "main",
                "commit_sha": "",
                "dir": "",
                "invert_regex": false,
                "project_id": "dev-ingenius-app-173049",
                "repo_name": "ingenius-frontend",
                "tag_name": ""
              }
            ],
            "webhook_config": []
          },
          "sensitive_attributes": [],
          "private": "eyJlMmJmYjczMC1lY2FhLTExZTYtOGY4OC0zNDM2M2JjN2M0YzAiOnsiY3JlYXRlIjoxMjAwMDAwMDAwMDAwLCJkZWxldGUiOjEyMDAwMDAwMDAwMDAsInVwZGF0ZSI6MTIwMDAwMDAwMDAwMH0sInNjaGVtYV92ZXJzaW9uIjoiMiJ9",
          "dependencies": [
            "data.google_project.dev",
            "module.frontend.google_artifact_registry_repository.frontend_repo",
            "module.frontend.google_cloud_run_v2_service.frontend_cr",
            "module.frontend.google_project_iam_member.cloudbuild_sa_act_as",
            "module.frontend.google_project_iam_member.cloudbuild_sa_admin",
            "module.frontend.google_project_iam_member.cloudbuild_sa_logs_writer",
            "module.frontend.google_project_iam_member.cloudbuild_sa_push_to_ar",
            "module.frontend.google_project_iam_member.cloudbuild_sa_run_cloud_run",
            "module.frontend.google_service_account.cloudbuild_sa"
          ]
        }
      ]
    },
    {
      "module": "module.frontend",
      "mode": "managed",
      "type": "google_project_iam_member",
      "name": "cloudbuild_sa_act_as",
      "provider": "provider[\"registry.terraform.io/hashicorp/google\"]",
      "instances": [
        {
          "schema_version": 0,
          "attributes": {
            "condition": [],
            "etag": "BwYcgKDzuuc=",
            "id": "projects/dev-ingenius-app-173049/roles/iam.serviceAccountUser/serviceAccount:cloudbuild-sa@dev-ingenius-app-173049.iam.gserviceaccount.com",
            "member": "serviceAccount:cloudbuild-sa@dev-ingenius-app-173049.iam.gserviceaccount.com",
            "project": "projects/dev-ingenius-app-173049",
            "role": "roles/iam.serviceAccountUser"
          },
          "sensitive_attributes": [],
          "private": "bnVsbA==",
          "dependencies": [
            "data.google_project.dev",
            "module.frontend.google_service_account.cloudbuild_sa"
          ]
        }
      ]
    },
    {
      "module": "module.frontend",
      "mode": "managed",
      "type": "google_project_iam_member",
      "name": "cloudbuild_sa_admin",
      "provider": "provider[\"registry.terraform.io/hashicorp/google\"]",
      "instances": [
        {
          "schema_version": 0,
          "attributes": {
            "condition": [],
            "etag": "BwYcgKDzuuc=",
            "id": "projects/dev-ingenius-app-173049/roles/artifactregistry.admin/serviceAccount:cloudbuild-sa@dev-ingenius-app-173049.iam.gserviceaccount.com",
            "member": "serviceAccount:cloudbuild-sa@dev-ingenius-app-173049.iam.gserviceaccount.com",
            "project": "projects/dev-ingenius-app-173049",
            "role": "roles/artifactregistry.admin"
          },
          "sensitive_attributes": [],
          "private": "bnVsbA==",
          "dependencies": [
            "data.google_project.dev",
            "module.frontend.google_service_account.cloudbuild_sa"
          ]
        }
      ]
    },
    {
      "module": "module.frontend",
      "mode": "managed",
      "type": "google_project_iam_member",
      "name": "cloudbuild_sa_logs_writer",
      "provider": "provider[\"registry.terraform.io/hashicorp/google\"]",
      "instances": [
        {
          "schema_version": 0,
          "attributes": {
            "condition": [],
            "etag": "BwYcgKDzuuc=",
            "id": "projects/dev-ingenius-app-173049/roles/logging.logWriter/serviceAccount:cloudbuild-sa@dev-ingenius-app-173049.iam.gserviceaccount.com",
            "member": "serviceAccount:cloudbuild-sa@dev-ingenius-app-173049.iam.gserviceaccount.com",
            "project": "projects/dev-ingenius-app-173049",
            "role": "roles/logging.logWriter"
          },
          "sensitive_attributes": [],
          "private": "bnVsbA==",
          "dependencies": [
            "data.google_project.dev",
            "module.frontend.google_service_account.cloudbuild_sa"
          ]
        }
      ]
    },
    {
      "module": "module.frontend",
      "mode": "managed",
      "type": "google_project_iam_member",
      "name": "cloudbuild_sa_push_to_ar",
      "provider": "provider[\"registry.terraform.io/hashicorp/google\"]",
      "instances": [
        {
          "schema_version": 0,
          "attributes": {
            "condition": [],
            "etag": "BwYcgKDzuuc=",
            "id": "projects/dev-ingenius-app-173049/roles/artifactregistry.writer/serviceAccount:cloudbuild-sa@dev-ingenius-app-173049.iam.gserviceaccount.com",
            "member": "serviceAccount:cloudbuild-sa@dev-ingenius-app-173049.iam.gserviceaccount.com",
            "project": "projects/dev-ingenius-app-173049",
            "role": "roles/artifactregistry.writer"
          },
          "sensitive_attributes": [],
          "private": "bnVsbA==",
          "dependencies": [
            "data.google_project.dev",
            "module.frontend.google_service_account.cloudbuild_sa"
          ]
        }
      ]
    },
    {
      "module": "module.frontend",
      "mode": "managed",
      "type": "google_project_iam_member",
      "name": "cloudbuild_sa_run_cloud_run",
      "provider": "provider[\"registry.terraform.io/hashicorp/google\"]",
      "instances": [
        {
          "schema_version": 0,
          "attributes": {
            "condition": [],
            "etag": "BwYcgKDzuuc=",
            "id": "projects/dev-ingenius-app-173049/roles/run.admin/serviceAccount:cloudbuild-sa@dev-ingenius-app-173049.iam.gserviceaccount.com",
            "member": "serviceAccount:cloudbuild-sa@dev-ingenius-app-173049.iam.gserviceaccount.com",
            "project": "projects/dev-ingenius-app-173049",
            "role": "roles/run.admin"
          },
          "sensitive_attributes": [],
          "private": "bnVsbA==",
          "dependencies": [
            "data.google_project.dev",
            "module.frontend.google_service_account.cloudbuild_sa"
          ]
        }
      ]
    },
    {
      "module": "module.frontend",
      "mode": "managed",
      "type": "google_service_account",
      "name": "cloudbuild_sa",
      "provider": "provider[\"registry.terraform.io/hashicorp/google\"]",
      "instances": [
        {
          "schema_version": 0,
          "attributes": {
            "account_id": "cloudbuild-sa",
            "create_ignore_already_exists": null,
            "description": "",
            "disabled": false,
            "display_name": "",
            "email": "cloudbuild-sa@dev-ingenius-app-173049.iam.gserviceaccount.com",
            "id": "projects/dev-ingenius-app-173049/serviceAccounts/cloudbuild-sa@dev-ingenius-app-173049.iam.gserviceaccount.com",
            "member": "serviceAccount:cloudbuild-sa@dev-ingenius-app-173049.iam.gserviceaccount.com",
            "name": "projects/dev-ingenius-app-173049/serviceAccounts/cloudbuild-sa@dev-ingenius-app-173049.iam.gserviceaccount.com",
            "project": "dev-ingenius-app-173049",
            "timeouts": null,
            "unique_id": "100031213702917214814"
          },
          "sensitive_attributes": [],
          "private": "eyJlMmJmYjczMC1lY2FhLTExZTYtOGY4OC0zNDM2M2JjN2M0YzAiOnsiY3JlYXRlIjozMDAwMDAwMDAwMDB9fQ=="
        }
      ]
    },
    {
      "module": "module.graphql_backend",
      "mode": "managed",
      "type": "google_artifact_registry_repository",
      "name": "graphql_repo",
      "provider": "provider[\"registry.terraform.io/hashicorp/google\"]",
      "instances": [
        {
          "schema_version": 0,
          "attributes": {
            "cleanup_policies": [],
            "cleanup_policy_dry_run": false,
            "create_time": "2024-07-05T01:36:32.639638Z",
            "description": "GraphQL Docker Images Repository",
            "docker_config": [],
            "effective_labels": {},
            "format": "DOCKER",
            "id": "projects/dev-ingenius-app-173049/locations/us-central1/repositories/graphql-repo",
            "kms_key_name": "",
            "labels": {},
            "location": "us-central1",
            "maven_config": [],
            "mode": "STANDARD_REPOSITORY",
            "name": "graphql-repo",
            "project": "dev-ingenius-app-173049",
            "remote_repository_config": [],
            "repository_id": "graphql-repo",
            "terraform_labels": {},
            "timeouts": null,
            "update_time": "2024-07-09T19:49:15.717864Z",
            "virtual_repository_config": []
          },
          "sensitive_attributes": [],
          "private": "eyJlMmJmYjczMC1lY2FhLTExZTYtOGY4OC0zNDM2M2JjN2M0YzAiOnsiY3JlYXRlIjoxMjAwMDAwMDAwMDAwLCJkZWxldGUiOjEyMDAwMDAwMDAwMDAsInVwZGF0ZSI6MTIwMDAwMDAwMDAwMH19"
        }
      ]
    },
    {
      "module": "module.graphql_backend",
      "mode": "managed",
      "type": "google_cloud_run_service_iam_binding",
      "name": "graphql_cr_iam",
      "provider": "provider[\"registry.terraform.io/hashicorp/google\"]",
      "instances": []
    },
    {
      "module": "module.graphql_backend",
      "mode": "managed",
      "type": "google_cloud_run_v2_job",
      "name": "graphql_cr_db_migrate_job",
      "provider": "provider[\"registry.terraform.io/hashicorp/google\"]",
      "instances": [
        {
          "schema_version": 0,
          "attributes": {
            "annotations": {},
            "binary_authorization": [],
            "client": "",
            "client_version": "",
            "conditions": [],
            "create_time": "2024-07-05T02:18:47.395339Z",
            "creator": "",
            "delete_time": "",
            "effective_annotations": {},
            "effective_labels": {},
            "etag": "\"CNiDtrQGEOi14Z0B/cHJvamVjdHMvZGV2LWluZ2VuaXVzLWFwcC0xNzMwNDkvbG9jYXRpb25zL3VzLWNlbnRyYWwxL2pvYnMvZ3JhcGhxbC1jci1kYi1taWdyYXRlLWpvYg\"",
            "execution_count": 3,
            "expire_time": "",
            "generation": "4",
            "id": "projects/dev-ingenius-app-173049/locations/us-central1/jobs/graphql-cr-db-migrate-job",
            "labels": {},
            "last_modifier": "",
            "latest_created_execution": [
              {
                "completion_time": "2024-07-05T02:41:31.940753Z",
                "create_time": "2024-07-05T02:41:09.273674Z",
                "name": "graphql-cr-db-migrate-job-kfmc2"
              }
            ],
            "launch_stage": "GA",
            "location": "us-central1",
            "name": "graphql-cr-db-migrate-job",
            "observed_generation": "4",
            "project": "dev-ingenius-app-173049",
            "reconciling": false,
            "template": [
              {
                "annotations": {},
                "labels": {},
                "parallelism": 0,
                "task_count": 1,
                "template": [
                  {
                    "containers": [
                      {
                        "args": [
                          "npx",
                          "prisma",
                          "migrate",
                          "deploy"
                        ],
                        "command": [],
                        "env": [
                          {
                            "name": "DATABASE_URL",
                            "value": "postgresql://admin:password@localhost/mydb?host=/cloudsql/dev-ingenius-app-173049:us-central1:graphql-db-instance",
                            "value_source": []
                          }
                        ],
                        "image": "us-central1-docker.pkg.dev/dev-ingenius-app-173049/graphql-repo/graphqlapi:latest",
                        "name": "",
                        "ports": [],
                        "resources": [
                          {
                            "limits": {
                              "cpu": "1000m",
                              "memory": "512Mi"
                            }
                          }
                        ],
                        "volume_mounts": [
                          {
                            "mount_path": "/cloudsql",
                            "name": "cloudsql"
                          }
                        ],
                        "working_dir": ""
                      }
                    ],
                    "encryption_key": "",
                    "execution_environment": "EXECUTION_ENVIRONMENT_GEN2",
                    "max_retries": 3,
                    "service_account": "graphql-cloudrun-job-sa@dev-ingenius-app-173049.iam.gserviceaccount.com",
                    "timeout": "600s",
                    "volumes": [
                      {
                        "cloud_sql_instance": [
                          {
                            "instances": [
                              "dev-ingenius-app-173049:us-central1:graphql-db-instance"
                            ]
                          }
                        ],
                        "name": "cloudsql",
                        "secret": []
                      }
                    ],
                    "vpc_access": []
                  }
                ]
              }
            ],
            "terminal_condition": [
              {
                "execution_reason": "",
                "last_transition_time": "2024-07-05T02:18:47.586952Z",
                "message": "",
                "reason": "",
                "revision_reason": "",
                "severity": "",
                "state": "CONDITION_SUCCEEDED",
                "type": "Ready"
              }
            ],
            "terraform_labels": {},
            "timeouts": null,
            "uid": "b4cf02fa-44eb-465f-a348-c9bcf5a596c4",
            "update_time": "2024-07-09T18:30:48.330849Z"
          },
          "sensitive_attributes": [
            [
              {
                "type": "get_attr",
                "value": "template"
              },
              {
                "type": "index",
                "value": {
                  "value": 0,
                  "type": "number"
                }
              },
              {
                "type": "get_attr",
                "value": "template"
              },
              {
                "type": "index",
                "value": {
                  "value": 0,
                  "type": "number"
                }
              },
              {
                "type": "get_attr",
                "value": "containers"
              },
              {
                "type": "index",
                "value": {
                  "value": 0,
                  "type": "number"
                }
              },
              {
                "type": "get_attr",
                "value": "env"
              },
              {
                "type": "index",
                "value": {
                  "value": 0,
                  "type": "number"
                }
              },
              {
                "type": "get_attr",
                "value": "value"
              }
            ]
          ],
          "private": "eyJlMmJmYjczMC1lY2FhLTExZTYtOGY4OC0zNDM2M2JjN2M0YzAiOnsiY3JlYXRlIjoxMjAwMDAwMDAwMDAwLCJkZWxldGUiOjEyMDAwMDAwMDAwMDAsInVwZGF0ZSI6MTIwMDAwMDAwMDAwMH19",
          "dependencies": [
            "data.google_project.dev",
            "module.graphql_backend.google_artifact_registry_repository.graphql_repo",
            "module.graphql_backend.google_service_account.graphql_cr_job_sa",
            "module.graphql_backend.google_sql_database_instance.graphql_db_instance",
            "module.graphql_backend.google_sql_user.graphql_db_user"
          ]
        }
      ]
    },
    {
      "module": "module.graphql_backend",
      "mode": "managed",
      "type": "google_cloud_run_v2_service",
      "name": "graphql_cr",
      "provider": "provider[\"registry.terraform.io/hashicorp/google\"]",
      "instances": [
        {
          "status": "tainted",
          "schema_version": 0,
          "attributes": {
            "annotations": null,
            "binary_authorization": [],
            "client": null,
            "client_version": null,
            "conditions": null,
            "create_time": null,
            "creator": null,
            "custom_audiences": null,
            "delete_time": null,
            "description": null,
            "effective_annotations": null,
            "effective_labels": null,
            "etag": null,
            "expire_time": null,
            "generation": null,
            "id": "projects/dev-ingenius-app-173049/locations/us-central1/services/graphql-cr-service",
            "ingress": null,
            "labels": null,
            "last_modifier": null,
            "latest_created_revision": null,
            "latest_ready_revision": null,
            "launch_stage": null,
            "location": "us-central1",
            "name": "graphql-cr-service",
            "observed_generation": null,
            "project": "dev-ingenius-app-173049",
            "reconciling": null,
            "template": [
              {
                "annotations": null,
                "containers": [
                  {
                    "args": null,
                    "command": null,
                    "depends_on": null,
                    "env": [
                      {
                        "name": "DATABASE_URL",
                        "value": "postgresql://admin:password@localhost/mydb?host=/cloudsql/dev-ingenius-app-173049:us-central1:graphql-db-instance",
                        "value_source": []
                      }
                    ],
                    "image": "us-central1-docker.pkg.dev/dev-ingenius-app-173049/graphql-repo/graphqlapi:latest",
                    "liveness_probe": [],
                    "name": "",
                    "ports": [],
                    "resources": [],
                    "startup_probe": [],
                    "volume_mounts": [
                      {
                        "mount_path": "/cloudsql",
                        "name": "cloudsql"
                      }
                    ],
                    "working_dir": ""
                  }
                ],
                "encryption_key": "",
                "execution_environment": "",
                "labels": null,
                "max_instance_request_concurrency": 0,
                "revision": "",
                "scaling": [],
                "service_account": "",
                "session_affinity": false,
                "timeout": "",
                "volumes": [
                  {
                    "cloud_sql_instance": [
                      {
                        "instances": [
                          "dev-ingenius-app-173049:us-central1:graphql-db-instance"
                        ]
                      }
                    ],
                    "gcs": [],
                    "name": "cloudsql",
                    "nfs": [],
                    "secret": []
                  }
                ],
                "vpc_access": []
              }
            ],
            "terminal_condition": null,
            "terraform_labels": null,
            "timeouts": null,
            "traffic": null,
            "traffic_statuses": null,
            "uid": null,
            "update_time": null,
            "uri": null
          },
          "sensitive_attributes": [
            [
              {
                "type": "get_attr",
                "value": "template"
              },
              {
                "type": "index",
                "value": {
                  "value": 0,
                  "type": "number"
                }
              },
              {
                "type": "get_attr",
                "value": "containers"
              },
              {
                "type": "index",
                "value": {
                  "value": 0,
                  "type": "number"
                }
              },
              {
                "type": "get_attr",
                "value": "env"
              },
              {
                "type": "index",
                "value": {
                  "value": 0,
                  "type": "number"
                }
              },
              {
                "type": "get_attr",
                "value": "value"
              }
            ]
          ],
          "private": "eyJlMmJmYjczMC1lY2FhLTExZTYtOGY4OC0zNDM2M2JjN2M0YzAiOnsiY3JlYXRlIjoxMjAwMDAwMDAwMDAwLCJkZWxldGUiOjEyMDAwMDAwMDAwMDAsInVwZGF0ZSI6MTIwMDAwMDAwMDAwMH19",
          "dependencies": [
            "data.google_project.dev",
            "module.graphql_backend.google_artifact_registry_repository.graphql_repo",
            "module.graphql_backend.google_sql_database_instance.graphql_db_instance",
            "module.graphql_backend.google_sql_user.graphql_db_user"
          ]
        }
      ]
    },
    {
      "module": "module.graphql_backend",
      "mode": "managed",
      "type": "google_cloudbuild_trigger",
      "name": "graphql_cloudbuild_trigger",
      "provider": "provider[\"registry.terraform.io/hashicorp/google\"]",
      "instances": [
        {
          "schema_version": 2,
          "attributes": {
            "approval_config": [
              {
                "approval_required": false
              }
            ],
            "bitbucket_server_trigger_config": [],
            "build": [
              {
                "artifacts": [],
                "available_secrets": [],
                "images": [],
                "logs_bucket": "",
                "options": [
                  {
                    "disk_size_gb": 0,
                    "dynamic_substitutions": false,
                    "env": [],
                    "log_streaming_option": "",
                    "logging": "CLOUD_LOGGING_ONLY",
                    "machine_type": "",
                    "requested_verify_option": "",
                    "secret_env": [],
                    "source_provenance_hash": [],
                    "substitution_option": "",
                    "volumes": [],
                    "worker_pool": ""
                  }
                ],
                "queue_ttl": "",
                "secret": [],
                "source": [],
                "step": [
                  {
                    "allow_exit_codes": [],
                    "allow_failure": false,
                    "args": [
                      "build",
                      "-t",
                      "us-central1-docker.pkg.dev/dev-ingenius-app-173049/graphql-repo/graphqlapi:latest",
                      "."
                    ],
                    "dir": "",
                    "entrypoint": "",
                    "env": [],
                    "id": "",
                    "name": "gcr.io/cloud-builders/docker",
                    "script": "",
                    "secret_env": [],
                    "timeout": "",
                    "timing": "",
                    "volumes": [],
                    "wait_for": []
                  },
                  {
                    "allow_exit_codes": [],
                    "allow_failure": false,
                    "args": [
                      "push",
                      "us-central1-docker.pkg.dev/dev-ingenius-app-173049/graphql-repo/graphqlapi:latest"
                    ],
                    "dir": "",
                    "entrypoint": "",
                    "env": [],
                    "id": "",
                    "name": "gcr.io/cloud-builders/docker",
                    "script": "",
                    "secret_env": [],
                    "timeout": "1200s",
                    "timing": "",
                    "volumes": [],
                    "wait_for": []
                  }
                ],
                "substitutions": {},
                "tags": [],
                "timeout": "2400s"
              }
            ],
            "create_time": "2024-07-09T18:47:26.092832710Z",
            "description": "",
            "disabled": false,
            "filename": "",
            "filter": "",
            "git_file_source": [],
            "github": [
              {
                "enterprise_config_resource_name": "",
                "name": "ingenius-graphql",
                "owner": "Ingenius-studio",
                "pull_request": [],
                "push": [
                  {
                    "branch": "main",
                    "invert_regex": false,
                    "tag": ""
                  }
                ]
              }
            ],
            "id": "projects/dev-ingenius-app-173049/locations/us-central1/triggers/7f9711a4-c4f6-45be-bc93-f74f6921d563",
            "ignored_files": [],
            "include_build_logs": "",
            "included_files": [],
            "location": "us-central1",
            "name": "ingenius-graphql-build",
            "project": "dev-ingenius-app-173049",
            "pubsub_config": [],
            "repository_event_config": [],
            "service_account": "projects/dev-ingenius-app-173049/serviceAccounts/graphql-cloudbuild-sa@dev-ingenius-app-173049.iam.gserviceaccount.com",
            "source_to_build": [],
            "substitutions": {},
            "tags": [],
            "timeouts": null,
            "trigger_id": "7f9711a4-c4f6-45be-bc93-f74f6921d563",
            "trigger_template": [],
            "webhook_config": []
          },
          "sensitive_attributes": [],
          "private": "eyJlMmJmYjczMC1lY2FhLTExZTYtOGY4OC0zNDM2M2JjN2M0YzAiOnsiY3JlYXRlIjoxMjAwMDAwMDAwMDAwLCJkZWxldGUiOjEyMDAwMDAwMDAwMDAsInVwZGF0ZSI6MTIwMDAwMDAwMDAwMH0sInNjaGVtYV92ZXJzaW9uIjoiMiJ9",
          "dependencies": [
            "data.google_project.dev",
            "module.graphql_backend.google_artifact_registry_repository.graphql_repo",
            "module.graphql_backend.google_cloud_run_v2_service.graphql_cr",
            "module.graphql_backend.google_project_iam_member.graphql_cloudbuild_sa_act_as",
            "module.graphql_backend.google_project_iam_member.graphql_cloudbuild_sa_admin",
            "module.graphql_backend.google_project_iam_member.graphql_cloudbuild_sa_logs_writer",
            "module.graphql_backend.google_project_iam_member.graphql_cloudbuild_sa_push_to_ar",
            "module.graphql_backend.google_project_iam_member.graphql_cloudbuild_sa_run_cloud_run",
            "module.graphql_backend.google_service_account.graphql_cloudbuild_sa",
            "module.graphql_backend.google_sql_database_instance.graphql_db_instance",
            "module.graphql_backend.google_sql_user.graphql_db_user"
          ]
        }
      ]
    },
    {
      "module": "module.graphql_backend",
      "mode": "managed",
      "type": "google_project_iam_member",
      "name": "graphql_cloudbuild_sa_act_as",
      "provider": "provider[\"registry.terraform.io/hashicorp/google\"]",
      "instances": [
        {
          "schema_version": 0,
          "attributes": {
            "condition": [],
            "etag": "BwYcgKDzuuc=",
            "id": "projects/dev-ingenius-app-173049/roles/iam.serviceAccountUser/serviceAccount:graphql-cloudbuild-sa@dev-ingenius-app-173049.iam.gserviceaccount.com",
            "member": "serviceAccount:graphql-cloudbuild-sa@dev-ingenius-app-173049.iam.gserviceaccount.com",
            "project": "projects/dev-ingenius-app-173049",
            "role": "roles/iam.serviceAccountUser"
          },
          "sensitive_attributes": [],
          "private": "bnVsbA==",
          "dependencies": [
            "data.google_project.dev",
            "module.graphql_backend.google_service_account.graphql_cloudbuild_sa"
          ]
        }
      ]
    },
    {
      "module": "module.graphql_backend",
      "mode": "managed",
      "type": "google_project_iam_member",
      "name": "graphql_cloudbuild_sa_admin",
      "provider": "provider[\"registry.terraform.io/hashicorp/google\"]",
      "instances": [
        {
          "schema_version": 0,
          "attributes": {
            "condition": [],
            "etag": "BwYcgKDzuuc=",
            "id": "projects/dev-ingenius-app-173049/roles/artifactregistry.admin/serviceAccount:graphql-cloudbuild-sa@dev-ingenius-app-173049.iam.gserviceaccount.com",
            "member": "serviceAccount:graphql-cloudbuild-sa@dev-ingenius-app-173049.iam.gserviceaccount.com",
            "project": "projects/dev-ingenius-app-173049",
            "role": "roles/artifactregistry.admin"
          },
          "sensitive_attributes": [],
          "private": "bnVsbA==",
          "dependencies": [
            "data.google_project.dev",
            "module.graphql_backend.google_service_account.graphql_cloudbuild_sa"
          ]
        }
      ]
    },
    {
      "module": "module.graphql_backend",
      "mode": "managed",
      "type": "google_project_iam_member",
      "name": "graphql_cloudbuild_sa_logs_writer",
      "provider": "provider[\"registry.terraform.io/hashicorp/google\"]",
      "instances": [
        {
          "schema_version": 0,
          "attributes": {
            "condition": [],
            "etag": "BwYcgKDzuuc=",
            "id": "projects/dev-ingenius-app-173049/roles/logging.logWriter/serviceAccount:graphql-cloudbuild-sa@dev-ingenius-app-173049.iam.gserviceaccount.com",
            "member": "serviceAccount:graphql-cloudbuild-sa@dev-ingenius-app-173049.iam.gserviceaccount.com",
            "project": "projects/dev-ingenius-app-173049",
            "role": "roles/logging.logWriter"
          },
          "sensitive_attributes": [],
          "private": "bnVsbA==",
          "dependencies": [
            "data.google_project.dev",
            "module.graphql_backend.google_service_account.graphql_cloudbuild_sa"
          ]
        }
      ]
    },
    {
      "module": "module.graphql_backend",
      "mode": "managed",
      "type": "google_project_iam_member",
      "name": "graphql_cloudbuild_sa_push_to_ar",
      "provider": "provider[\"registry.terraform.io/hashicorp/google\"]",
      "instances": [
        {
          "schema_version": 0,
          "attributes": {
            "condition": [],
            "etag": "BwYcgKDzuuc=",
            "id": "projects/dev-ingenius-app-173049/roles/artifactregistry.writer/serviceAccount:graphql-cloudbuild-sa@dev-ingenius-app-173049.iam.gserviceaccount.com",
            "member": "serviceAccount:graphql-cloudbuild-sa@dev-ingenius-app-173049.iam.gserviceaccount.com",
            "project": "projects/dev-ingenius-app-173049",
            "role": "roles/artifactregistry.writer"
          },
          "sensitive_attributes": [],
          "private": "bnVsbA==",
          "dependencies": [
            "data.google_project.dev",
            "module.graphql_backend.google_service_account.graphql_cloudbuild_sa"
          ]
        }
      ]
    },
    {
      "module": "module.graphql_backend",
      "mode": "managed",
      "type": "google_project_iam_member",
      "name": "graphql_cloudbuild_sa_run_cloud_run",
      "provider": "provider[\"registry.terraform.io/hashicorp/google\"]",
      "instances": [
        {
          "schema_version": 0,
          "attributes": {
            "condition": [],
            "etag": "BwYcgKDzuuc=",
            "id": "projects/dev-ingenius-app-173049/roles/run.admin/serviceAccount:graphql-cloudbuild-sa@dev-ingenius-app-173049.iam.gserviceaccount.com",
            "member": "serviceAccount:graphql-cloudbuild-sa@dev-ingenius-app-173049.iam.gserviceaccount.com",
            "project": "projects/dev-ingenius-app-173049",
            "role": "roles/run.admin"
          },
          "sensitive_attributes": [],
          "private": "bnVsbA==",
          "dependencies": [
            "data.google_project.dev",
            "module.graphql_backend.google_service_account.graphql_cloudbuild_sa"
          ]
        }
      ]
    },
    {
      "module": "module.graphql_backend",
      "mode": "managed",
      "type": "google_project_iam_member",
      "name": "graphql_cr_job_sa_act_as",
      "provider": "provider[\"registry.terraform.io/hashicorp/google\"]",
      "instances": [
        {
          "schema_version": 0,
          "attributes": {
            "condition": [],
            "etag": "BwYcgKDzuuc=",
            "id": "dev-ingenius-app-173049/roles/iam.serviceAccountUser/serviceAccount:graphql-cloudrun-job-sa@dev-ingenius-app-173049.iam.gserviceaccount.com",
            "member": "serviceAccount:graphql-cloudrun-job-sa@dev-ingenius-app-173049.iam.gserviceaccount.com",
            "project": "dev-ingenius-app-173049",
            "role": "roles/iam.serviceAccountUser"
          },
          "sensitive_attributes": [],
          "private": "bnVsbA==",
          "dependencies": [
            "data.google_project.dev",
            "module.graphql_backend.google_service_account.graphql_cr_job_sa"
          ]
        }
      ]
    },
    {
      "module": "module.graphql_backend",
      "mode": "managed",
      "type": "google_project_iam_member",
      "name": "graphql_cr_job_sa_artifact_admin",
      "provider": "provider[\"registry.terraform.io/hashicorp/google\"]",
      "instances": [
        {
          "schema_version": 0,
          "attributes": {
            "condition": [],
            "etag": "BwYcgKDzuuc=",
            "id": "dev-ingenius-app-173049/roles/artifactregistry.admin/serviceAccount:graphql-cloudrun-job-sa@dev-ingenius-app-173049.iam.gserviceaccount.com",
            "member": "serviceAccount:graphql-cloudrun-job-sa@dev-ingenius-app-173049.iam.gserviceaccount.com",
            "project": "dev-ingenius-app-173049",
            "role": "roles/artifactregistry.admin"
          },
          "sensitive_attributes": [],
          "private": "bnVsbA==",
          "dependencies": [
            "data.google_project.dev",
            "module.graphql_backend.google_service_account.graphql_cr_job_sa"
          ]
        }
      ]
    },
    {
      "module": "module.graphql_backend",
      "mode": "managed",
      "type": "google_project_iam_member",
      "name": "graphql_cr_job_sa_logs_writer",
      "provider": "provider[\"registry.terraform.io/hashicorp/google\"]",
      "instances": [
        {
          "schema_version": 0,
          "attributes": {
            "condition": [],
            "etag": "BwYcgKDzuuc=",
            "id": "dev-ingenius-app-173049/roles/iam.serviceAccountUser/serviceAccount:graphql-cloudrun-job-sa@dev-ingenius-app-173049.iam.gserviceaccount.com",
            "member": "serviceAccount:graphql-cloudrun-job-sa@dev-ingenius-app-173049.iam.gserviceaccount.com",
            "project": "dev-ingenius-app-173049",
            "role": "roles/iam.serviceAccountUser"
          },
          "sensitive_attributes": [],
          "private": "bnVsbA==",
          "dependencies": [
            "data.google_project.dev",
            "module.graphql_backend.google_service_account.graphql_cr_job_sa"
          ]
        }
      ]
    },
    {
      "module": "module.graphql_backend",
      "mode": "managed",
      "type": "google_project_iam_member",
      "name": "graphql_cr_job_sa_sql_client",
      "provider": "provider[\"registry.terraform.io/hashicorp/google\"]",
      "instances": [
        {
          "schema_version": 0,
          "attributes": {
            "condition": [],
            "etag": "BwYcgKDzuuc=",
            "id": "dev-ingenius-app-173049/roles/cloudsql.client/serviceAccount:graphql-cloudrun-job-sa@dev-ingenius-app-173049.iam.gserviceaccount.com",
            "member": "serviceAccount:graphql-cloudrun-job-sa@dev-ingenius-app-173049.iam.gserviceaccount.com",
            "project": "dev-ingenius-app-173049",
            "role": "roles/cloudsql.client"
          },
          "sensitive_attributes": [],
          "private": "bnVsbA==",
          "dependencies": [
            "data.google_project.dev",
            "module.graphql_backend.google_service_account.graphql_cr_job_sa"
          ]
        }
      ]
    },
    {
      "module": "module.graphql_backend",
      "mode": "managed",
      "type": "google_service_account",
      "name": "graphql_cloudbuild_sa",
      "provider": "provider[\"registry.terraform.io/hashicorp/google\"]",
      "instances": [
        {
          "schema_version": 0,
          "attributes": {
            "account_id": "graphql-cloudbuild-sa",
            "create_ignore_already_exists": null,
            "description": "",
            "disabled": false,
            "display_name": "",
            "email": "graphql-cloudbuild-sa@dev-ingenius-app-173049.iam.gserviceaccount.com",
            "id": "projects/dev-ingenius-app-173049/serviceAccounts/graphql-cloudbuild-sa@dev-ingenius-app-173049.iam.gserviceaccount.com",
            "member": "serviceAccount:graphql-cloudbuild-sa@dev-ingenius-app-173049.iam.gserviceaccount.com",
            "name": "projects/dev-ingenius-app-173049/serviceAccounts/graphql-cloudbuild-sa@dev-ingenius-app-173049.iam.gserviceaccount.com",
            "project": "dev-ingenius-app-173049",
            "timeouts": null,
            "unique_id": "110739671883624609204"
          },
          "sensitive_attributes": [],
          "private": "eyJlMmJmYjczMC1lY2FhLTExZTYtOGY4OC0zNDM2M2JjN2M0YzAiOnsiY3JlYXRlIjozMDAwMDAwMDAwMDB9fQ=="
        }
      ]
    },
    {
      "module": "module.graphql_backend",
      "mode": "managed",
      "type": "google_service_account",
      "name": "graphql_cr_job_sa",
      "provider": "provider[\"registry.terraform.io/hashicorp/google\"]",
      "instances": [
        {
          "schema_version": 0,
          "attributes": {
            "account_id": "graphql-cloudrun-job-sa",
            "create_ignore_already_exists": null,
            "description": "",
            "disabled": false,
            "display_name": "",
            "email": "graphql-cloudrun-job-sa@dev-ingenius-app-173049.iam.gserviceaccount.com",
            "id": "projects/dev-ingenius-app-173049/serviceAccounts/graphql-cloudrun-job-sa@dev-ingenius-app-173049.iam.gserviceaccount.com",
            "member": "serviceAccount:graphql-cloudrun-job-sa@dev-ingenius-app-173049.iam.gserviceaccount.com",
            "name": "projects/dev-ingenius-app-173049/serviceAccounts/graphql-cloudrun-job-sa@dev-ingenius-app-173049.iam.gserviceaccount.com",
            "project": "dev-ingenius-app-173049",
            "timeouts": null,
            "unique_id": "110217133951393967788"
          },
          "sensitive_attributes": [],
          "private": "eyJlMmJmYjczMC1lY2FhLTExZTYtOGY4OC0zNDM2M2JjN2M0YzAiOnsiY3JlYXRlIjozMDAwMDAwMDAwMDB9fQ=="
        }
      ]
    },
    {
      "module": "module.graphql_backend",
      "mode": "managed",
      "type": "google_sql_database_instance",
      "name": "graphql_db_instance",
      "provider": "provider[\"registry.terraform.io/hashicorp/google\"]",
      "instances": [
        {
          "schema_version": 0,
          "attributes": {
            "available_maintenance_versions": [],
            "clone": [],
            "connection_name": "dev-ingenius-app-173049:us-central1:graphql-db-instance",
            "database_version": "POSTGRES_15",
            "deletion_protection": true,
            "dns_name": "",
            "encryption_key_name": null,
            "first_ip_address": "34.123.62.1",
            "id": "graphql-db-instance",
            "instance_type": "CLOUD_SQL_INSTANCE",
            "ip_address": [
              {
                "ip_address": "34.123.62.1",
                "time_to_retire": "",
                "type": "PRIMARY"
              },
              {
                "ip_address": "34.66.168.144",
                "time_to_retire": "",
                "type": "OUTGOING"
              }
            ],
            "maintenance_version": "POSTGRES_15_7.R20240514.00_06",
            "master_instance_name": "",
            "name": "graphql-db-instance",
            "private_ip_address": "",
            "project": "dev-ingenius-app-173049",
            "psc_service_attachment_link": "",
            "public_ip_address": "34.123.62.1",
            "region": "us-central1",
            "replica_configuration": [],
            "restore_backup_context": [],
            "root_password": null,
            "self_link": "https://sqladmin.googleapis.com/sql/v1beta4/projects/dev-ingenius-app-173049/instances/graphql-db-instance",
            "server_ca_cert": [
              {
                "cert": "-----BEGIN CERTIFICATE-----\nMIIDfzCCAmegAwIBAgIBADANBgkqhkiG9w0BAQsFADB3MS0wKwYDVQQuEyQ5YjZk\nNGQ4YS0zOGRkLTRiZGUtOTJmYi0xNTBhYWJmMmQwMGYxIzAhBgNVBAMTGkdvb2ds\nZSBDbG91ZCBTUUwgU2VydmVyIENBMRQwEgYDVQQKEwtHb29nbGUsIEluYzELMAkG\nA1UEBhMCVVMwHhcNMjQwNzA1MDEzNzI0WhcNMzQwNzAzMDEzODI0WjB3MS0wKwYD\nVQQuEyQ5YjZkNGQ4YS0zOGRkLTRiZGUtOTJmYi0xNTBhYWJmMmQwMGYxIzAhBgNV\nBAMTGkdvb2dsZSBDbG91ZCBTUUwgU2VydmVyIENBMRQwEgYDVQQKEwtHb29nbGUs\nIEluYzELMAkGA1UEBhMCVVMwggEiMA0GCSqGSIb3DQEBAQUAA4IBDwAwggEKAoIB\nAQCcK5SMFATNpjcgcm/eDStVDCbTwtGa2O6PJ7Mj+4EhTDrn5efZeJG7U+QJdSG8\nfdhwC9U6xT/HIJ7QoVVTMr7Pmn7i2hjBYSQ6zeydJqxf4Bg63ExUGD3gWbbLMC0Y\n45Amp4ljD9gQEEcN7Ayf8f/c3nQvklm+vkPR4rmRSHoaMKQ1o2nDs+7cAUNnp5NG\nJeqVp4j89lN++9uriTMOayPfvNOXUoDFv99ur1rT2RAngmc7zDC7Mnc2YrtLhLyV\nnH2HILYsLZQaw0PHrEem1pPFfo7pNYB2QEfeIlN9cV+sXFtAiyOnVUuQdv4QFdNs\n0KGZ9Iv7ZgzJAtzVYJtRsXgNAgMBAAGjFjAUMBIGA1UdEwEB/wQIMAYBAf8CAQAw\nDQYJKoZIhvcNAQELBQADggEBADLmWbHKtyKUp9i2Ys7WUiHBJeqJassVSG4DmXqU\n/kyrviPeRdboYHPIkClWwa0ChaktvSOIsw6HG7jMNLnGKKnulLWmDQsJ/VBQEpax\nlpN0EiHO9aXyY7Mkz/cb1zU44XjGAY+Dlf7E2D6/r1YlGWHgVKBjlp4rB948xfLK\ngI7emMf5ZEznZiO7glwQTLSbkD66il3DFTTL5e20H3uOF42eZxvl6hHqs9EV75+6\nQiJNNqh72JrG74YjX1OVw/X/f9ADpM9qZ+k5WM389o3tkWyPFNS3JR9V2Do6IdYD\nspzHCN7ftmTbGADbezqXJUSZ71KnmxN6i+D8gif28BR9Yag=\n-----END CERTIFICATE-----",
                "common_name": "C=US,O=Google\\, Inc,CN=Google Cloud SQL Server CA,dnQualifier=9b6d4d8a-38dd-4bde-92fb-150aabf2d00f",
                "create_time": "2024-07-05T01:37:24.770Z",
                "expiration_time": "2034-07-03T01:38:24.770Z",
                "sha1_fingerprint": "d2af7ee4082dd75bc8b9a0cb8d62ab3f618db804"
              }
            ],
            "service_account_email_address": "p1008550909912-8u6xyj@gcp-sa-cloud-sql.iam.gserviceaccount.com",
            "settings": [
              {
                "activation_policy": "ALWAYS",
                "active_directory_config": [],
                "advanced_machine_features": [],
                "availability_type": "ZONAL",
                "backup_configuration": [
                  {
                    "backup_retention_settings": [
                      {
                        "retained_backups": 7,
                        "retention_unit": "COUNT"
                      }
                    ],
                    "binary_log_enabled": false,
                    "enabled": false,
                    "location": "",
                    "point_in_time_recovery_enabled": false,
                    "start_time": "16:00",
                    "transaction_log_retention_days": 7
                  }
                ],
                "collation": "",
                "connector_enforcement": "NOT_REQUIRED",
                "data_cache_config": [],
                "database_flags": [],
                "deletion_protection_enabled": false,
                "deny_maintenance_period": [],
                "disk_autoresize": true,
                "disk_autoresize_limit": 0,
                "disk_size": 10,
                "disk_type": "PD_SSD",
                "edition": "ENTERPRISE",
                "enable_google_ml_integration": false,
                "insights_config": [],
                "ip_configuration": [
                  {
                    "allocated_ip_range": "",
                    "authorized_networks": [],
                    "enable_private_path_for_google_cloud_services": false,
                    "ipv4_enabled": true,
                    "private_network": "",
                    "psc_config": [],
                    "require_ssl": false,
                    "ssl_mode": ""
                  }
                ],
                "location_preference": [
                  {
                    "follow_gae_application": "",
                    "secondary_zone": "",
                    "zone": "us-central1-b"
                  }
                ],
                "maintenance_window": [],
                "password_validation_policy": [],
                "pricing_plan": "PER_USE",
                "sql_server_audit_config": [],
                "tier": "db-f1-micro",
                "time_zone": "",
                "user_labels": {},
                "version": 3
              }
            ],
            "timeouts": null
          },
          "sensitive_attributes": [],
          "private": "eyJlMmJmYjczMC1lY2FhLTExZTYtOGY4OC0zNDM2M2JjN2M0YzAiOnsiY3JlYXRlIjo1NDAwMDAwMDAwMDAwLCJkZWxldGUiOjU0MDAwMDAwMDAwMDAsInVwZGF0ZSI6NTQwMDAwMDAwMDAwMH19"
        }
      ]
    },
    {
      "module": "module.graphql_backend",
      "mode": "managed",
      "type": "google_sql_user",
      "name": "graphql_db_user",
      "provider": "provider[\"registry.terraform.io/hashicorp/google\"]",
      "instances": [
        {
          "schema_version": 1,
          "attributes": {
            "deletion_policy": null,
            "host": "",
            "id": "admin//graphql-db-instance",
            "instance": "graphql-db-instance",
            "name": "admin",
            "password": "password",
            "password_policy": [],
            "project": "dev-ingenius-app-173049",
            "sql_server_user_details": [],
            "timeouts": null,
            "type": ""
          },
          "sensitive_attributes": [],
          "private": "eyJlMmJmYjczMC1lY2FhLTExZTYtOGY4OC0zNDM2M2JjN2M0YzAiOnsiY3JlYXRlIjo2MDAwMDAwMDAwMDAsImRlbGV0ZSI6NjAwMDAwMDAwMDAwLCJ1cGRhdGUiOjYwMDAwMDAwMDAwMH0sInNjaGVtYV92ZXJzaW9uIjoiMSJ9",
          "dependencies": [
            "module.graphql_backend.google_sql_database_instance.graphql_db_instance"
          ]
        }
      ]
    },
    {
      "module": "module.rest_backend",
      "mode": "managed",
      "type": "google_artifact_registry_repository",
      "name": "rest_repo",
      "provider": "provider[\"registry.terraform.io/hashicorp/google\"]",
      "instances": [
        {
          "schema_version": 0,
          "attributes": {
            "cleanup_policies": [],
            "cleanup_policy_dry_run": false,
            "create_time": "2024-07-05T14:10:27.663084Z",
            "description": "Rest Backend App Docker Images Repository",
            "docker_config": [],
            "effective_labels": {},
            "format": "DOCKER",
            "id": "projects/dev-ingenius-app-173049/locations/us-central1/repositories/rest-repo",
            "kms_key_name": "",
            "labels": {},
            "location": "us-central1",
            "maven_config": [],
            "mode": "STANDARD_REPOSITORY",
            "name": "rest-repo",
            "project": "dev-ingenius-app-173049",
            "remote_repository_config": [],
            "repository_id": "rest-repo",
            "terraform_labels": {},
            "timeouts": null,
            "update_time": "2024-07-05T14:33:19.400091Z",
            "virtual_repository_config": []
          },
          "sensitive_attributes": [],
          "private": "eyJlMmJmYjczMC1lY2FhLTExZTYtOGY4OC0zNDM2M2JjN2M0YzAiOnsiY3JlYXRlIjoxMjAwMDAwMDAwMDAwLCJkZWxldGUiOjEyMDAwMDAwMDAwMDAsInVwZGF0ZSI6MTIwMDAwMDAwMDAwMH19"
        }
      ]
    },
    {
      "module": "module.rest_backend",
      "mode": "managed",
      "type": "google_cloud_run_service_iam_binding",
      "name": "res_cr_iam",
      "provider": "provider[\"registry.terraform.io/hashicorp/google\"]",
      "instances": [
        {
          "schema_version": 0,
          "attributes": {
            "condition": [],
            "etag": "BwYcgPd/Fao=",
            "id": "v1/projects/dev-ingenius-app-173049/locations/us-central1/services/rest-cr-service/roles/run.invoker",
            "location": "us-central1",
            "members": [
              "allUsers"
            ],
            "project": "dev-ingenius-app-173049",
            "role": "roles/run.invoker",
            "service": "v1/projects/dev-ingenius-app-173049/locations/us-central1/services/rest-cr-service"
          },
          "sensitive_attributes": [],
          "private": "bnVsbA==",
          "dependencies": [
            "data.google_project.dev",
            "module.rest_backend.google_artifact_registry_repository.rest_repo",
            "module.rest_backend.google_cloud_run_v2_service.rest_cr",
            "module.rest_backend.google_project_service.secretmanager",
            "module.rest_backend.google_secret_manager_secret.rest_application_settings",
            "module.rest_backend.google_service_account.rest_cloudrun_sa",
            "module.rest_backend.google_sql_database_instance.rest_db_instance"
          ]
        }
      ]
    },
    {
      "module": "module.rest_backend",
      "mode": "managed",
      "type": "google_cloud_run_v2_job",
      "name": "rest_db_createuser",
      "provider": "provider[\"registry.terraform.io/hashicorp/google\"]",
      "instances": [
        {
          "schema_version": 0,
          "attributes": {
            "annotations": {},
            "binary_authorization": [],
            "client": "",
            "client_version": "",
            "conditions": [],
            "create_time": "2024-07-05T14:34:32.520993Z",
            "creator": "",
            "delete_time": "",
            "effective_annotations": {},
            "effective_labels": {},
            "etag": "\"CNiDtrQGEMDi1oYB/cHJvamVjdHMvZGV2LWluZ2VuaXVzLWFwcC0xNzMwNDkvbG9jYXRpb25zL3VzLWNlbnRyYWwxL2pvYnMvcmVzdC1kYi1jcmVhdGV1c2Vy\"",
            "execution_count": 1,
            "expire_time": "",
            "generation": "2",
            "id": "projects/dev-ingenius-app-173049/locations/us-central1/jobs/rest-db-createuser",
            "labels": {},
            "last_modifier": "",
            "latest_created_execution": [
              {
                "completion_time": "2024-07-05T14:36:31.599464Z",
                "create_time": "2024-07-05T14:35:23.994294Z",
                "name": "rest-db-createuser-s4n8t"
              }
            ],
            "launch_stage": "GA",
            "location": "us-central1",
            "name": "rest-db-createuser",
            "observed_generation": "2",
            "project": "dev-ingenius-app-173049",
            "reconciling": false,
            "template": [
              {
                "annotations": {},
                "labels": {},
                "parallelism": 0,
                "task_count": 1,
                "template": [
                  {
                    "containers": [
                      {
                        "args": [],
                        "command": [
                          "createuser"
                        ],
                        "env": [
                          {
                            "name": "APPLICATION_SETTINGS",
                            "value": "",
                            "value_source": [
                              {
                                "secret_key_ref": [
                                  {
                                    "secret": "rest-application-settings",
                                    "version": "latest"
                                  }
                                ]
                              }
                            ]
                          },
                          {
                            "name": "DJANGO_SUPERUSER_PASSWORD",
                            "value": "",
                            "value_source": [
                              {
                                "secret_key_ref": [
                                  {
                                    "secret": "django_superuser_pw_secret",
                                    "version": "latest"
                                  }
                                ]
                              }
                            ]
                          }
                        ],
                        "image": "us-central1-docker.pkg.dev/dev-ingenius-app-173049/rest-repo/rest-api:latest",
                        "name": "",
                        "ports": [],
                        "resources": [
                          {
                            "limits": {
                              "cpu": "1000m",
                              "memory": "512Mi"
                            }
                          }
                        ],
                        "volume_mounts": [
                          {
                            "mount_path": "/cloudsql",
                            "name": "cloudsql"
                          }
                        ],
                        "working_dir": ""
                      }
                    ],
                    "encryption_key": "",
                    "execution_environment": "EXECUTION_ENVIRONMENT_GEN2",
                    "max_retries": 3,
                    "service_account": "rest-cloudrun-sa@dev-ingenius-app-173049.iam.gserviceaccount.com",
                    "timeout": "600s",
                    "volumes": [
                      {
                        "cloud_sql_instance": [
                          {
                            "instances": [
                              "dev-ingenius-app-173049:us-central1:rest-db-instance"
                            ]
                          }
                        ],
                        "name": "cloudsql",
                        "secret": []
                      }
                    ],
                    "vpc_access": []
                  }
                ]
              }
            ],
            "terminal_condition": [
              {
                "execution_reason": "",
                "last_transition_time": "2024-07-05T14:34:32.723812Z",
                "message": "",
                "reason": "",
                "revision_reason": "",
                "severity": "",
                "state": "CONDITION_SUCCEEDED",
                "type": "Ready"
              }
            ],
            "terraform_labels": {},
            "timeouts": null,
            "uid": "a180af94-6aad-4978-be7c-7514ad28c071",
            "update_time": "2024-07-09T18:30:48.282440Z"
          },
          "sensitive_attributes": [],
          "private": "eyJlMmJmYjczMC1lY2FhLTExZTYtOGY4OC0zNDM2M2JjN2M0YzAiOnsiY3JlYXRlIjoxMjAwMDAwMDAwMDAwLCJkZWxldGUiOjEyMDAwMDAwMDAwMDAsInVwZGF0ZSI6MTIwMDAwMDAwMDAwMH19",
          "dependencies": [
            "data.google_project.dev",
            "module.rest_backend.google_artifact_registry_repository.rest_repo",
            "module.rest_backend.google_secret_manager_secret.django_superuser_pw_secret",
            "module.rest_backend.google_secret_manager_secret.rest_application_settings",
            "module.rest_backend.google_service_account.rest_cloudrun_sa",
            "module.rest_backend.google_sql_database_instance.rest_db_instance"
          ]
        }
      ]
    },
    {
      "module": "module.rest_backend",
      "mode": "managed",
      "type": "google_cloud_run_v2_job",
      "name": "rest_db_migrate",
      "provider": "provider[\"registry.terraform.io/hashicorp/google\"]",
      "instances": [
        {
          "schema_version": 0,
          "attributes": {
            "annotations": {},
            "binary_authorization": [],
            "client": "",
            "client_version": "",
            "conditions": [],
            "create_time": "2024-07-05T14:34:32.602337Z",
            "creator": "",
            "delete_time": "",
            "effective_annotations": {},
            "effective_labels": {},
            "etag": "\"CNiDtrQGEPjEvoYB/cHJvamVjdHMvZGV2LWluZ2VuaXVzLWFwcC0xNzMwNDkvbG9jYXRpb25zL3VzLWNlbnRyYWwxL2pvYnMvcmVzdC1kYi1taWdyYXRl\"",
            "execution_count": 0,
            "expire_time": "",
            "generation": "2",
            "id": "projects/dev-ingenius-app-173049/locations/us-central1/jobs/rest-db-migrate",
            "labels": {},
            "last_modifier": "",
            "latest_created_execution": [],
            "launch_stage": "GA",
            "location": "us-central1",
            "name": "rest-db-migrate",
            "observed_generation": "2",
            "project": "dev-ingenius-app-173049",
            "reconciling": false,
            "template": [
              {
                "annotations": {},
                "labels": {},
                "parallelism": 0,
                "task_count": 1,
                "template": [
                  {
                    "containers": [
                      {
                        "args": [],
                        "command": [
                          "migrate"
                        ],
                        "env": [
                          {
                            "name": "APPLICATION_SETTINGS",
                            "value": "",
                            "value_source": [
                              {
                                "secret_key_ref": [
                                  {
                                    "secret": "rest-application-settings",
                                    "version": "latest"
                                  }
                                ]
                              }
                            ]
                          }
                        ],
                        "image": "us-central1-docker.pkg.dev/dev-ingenius-app-173049/rest-repo/rest-api:latest",
                        "name": "",
                        "ports": [],
                        "resources": [
                          {
                            "limits": {
                              "cpu": "1000m",
                              "memory": "512Mi"
                            }
                          }
                        ],
                        "volume_mounts": [
                          {
                            "mount_path": "/cloudsql",
                            "name": "cloudsql"
                          }
                        ],
                        "working_dir": ""
                      }
                    ],
                    "encryption_key": "",
                    "execution_environment": "EXECUTION_ENVIRONMENT_GEN2",
                    "max_retries": 3,
                    "service_account": "rest-cloudrun-sa@dev-ingenius-app-173049.iam.gserviceaccount.com",
                    "timeout": "600s",
                    "volumes": [
                      {
                        "cloud_sql_instance": [
                          {
                            "instances": [
                              "dev-ingenius-app-173049:us-central1:rest-db-instance"
                            ]
                          }
                        ],
                        "name": "cloudsql",
                        "secret": []
                      }
                    ],
                    "vpc_access": []
                  }
                ]
              }
            ],
            "terminal_condition": [
              {
                "execution_reason": "",
                "last_transition_time": "2024-07-05T14:34:32.808779Z",
                "message": "",
                "reason": "",
                "revision_reason": "",
                "severity": "",
                "state": "CONDITION_SUCCEEDED",
                "type": "Ready"
              }
            ],
            "terraform_labels": {},
            "timeouts": null,
            "uid": "9c1b6cc9-591e-41e0-99b3-97973198a402",
            "update_time": "2024-07-09T18:30:48.282043Z"
          },
          "sensitive_attributes": [],
          "private": "eyJlMmJmYjczMC1lY2FhLTExZTYtOGY4OC0zNDM2M2JjN2M0YzAiOnsiY3JlYXRlIjoxMjAwMDAwMDAwMDAwLCJkZWxldGUiOjEyMDAwMDAwMDAwMDAsInVwZGF0ZSI6MTIwMDAwMDAwMDAwMH19",
          "dependencies": [
            "data.google_project.dev",
            "module.rest_backend.google_artifact_registry_repository.rest_repo",
            "module.rest_backend.google_secret_manager_secret.rest_application_settings",
            "module.rest_backend.google_service_account.rest_cloudrun_sa",
            "module.rest_backend.google_sql_database_instance.rest_db_instance"
          ]
        }
      ]
    },
    {
      "module": "module.rest_backend",
      "mode": "managed",
      "type": "google_cloud_run_v2_service",
      "name": "rest_cr",
      "provider": "provider[\"registry.terraform.io/hashicorp/google\"]",
      "instances": [
        {
          "schema_version": 0,
          "attributes": {
            "annotations": {},
            "binary_authorization": [],
            "client": "",
            "client_version": "",
            "conditions": [
              {
                "execution_reason": "",
                "last_transition_time": "2024-07-09T18:30:54.165897Z",
                "message": "",
                "reason": "",
                "revision_reason": "",
                "severity": "",
                "state": "CONDITION_SUCCEEDED",
                "type": "RoutesReady"
              },
              {
                "execution_reason": "",
                "last_transition_time": "2024-07-05T14:34:32.689172Z",
                "message": "",
                "reason": "",
                "revision_reason": "",
                "severity": "",
                "state": "CONDITION_SUCCEEDED",
                "type": "ConfigurationsReady"
              }
            ],
            "create_time": "2024-07-05T14:34:32.610480Z",
            "creator": "asritha@ingenius.studio",
            "custom_audiences": [],
            "delete_time": "",
            "description": "",
            "effective_annotations": {},
            "effective_labels": {},
            "etag": "\"CNiDtrQGEIjpipwB/cHJvamVjdHMvZGV2LWluZ2VuaXVzLWFwcC0xNzMwNDkvbG9jYXRpb25zL3VzLWNlbnRyYWwxL3NlcnZpY2VzL3Jlc3QtY3Itc2VydmljZQ\"",
            "expire_time": "",
            "generation": "2",
            "id": "projects/dev-ingenius-app-173049/locations/us-central1/services/rest-cr-service",
            "ingress": "INGRESS_TRAFFIC_ALL",
            "labels": {},
            "last_modifier": "asritha@ingenius.studio",
            "latest_created_revision": "projects/dev-ingenius-app-173049/locations/us-central1/services/rest-cr-service/revisions/rest-cr-service-00002-szn",
            "latest_ready_revision": "projects/dev-ingenius-app-173049/locations/us-central1/services/rest-cr-service/revisions/rest-cr-service-00002-szn",
            "launch_stage": "GA",
            "location": "us-central1",
            "name": "rest-cr-service",
            "observed_generation": "2",
            "project": "dev-ingenius-app-173049",
            "reconciling": false,
            "template": [
              {
                "annotations": {},
                "containers": [
                  {
                    "args": [],
                    "command": [],
                    "depends_on": [],
                    "env": [
                      {
                        "name": "APPLICATION_SETTINGS",
                        "value": "",
                        "value_source": [
                          {
                            "secret_key_ref": [
                              {
                                "secret": "rest-application-settings",
                                "version": "latest"
                              }
                            ]
                          }
                        ]
                      },
                      {
                        "name": "DEBUG",
                        "value": "True",
                        "value_source": []
                      }
                    ],
                    "image": "us-central1-docker.pkg.dev/dev-ingenius-app-173049/rest-repo/rest-api:latest",
                    "liveness_probe": [],
                    "name": "",
                    "ports": [
                      {
                        "container_port": 8080,
                        "name": "http1"
                      }
                    ],
                    "resources": [
                      {
                        "cpu_idle": true,
                        "limits": {
                          "cpu": "1000m",
                          "memory": "512Mi"
                        },
                        "startup_cpu_boost": false
                      }
                    ],
                    "startup_probe": [
                      {
                        "failure_threshold": 1,
                        "grpc": [],
                        "http_get": [],
                        "initial_delay_seconds": 0,
                        "period_seconds": 240,
                        "tcp_socket": [
                          {
                            "port": 8080
                          }
                        ],
                        "timeout_seconds": 240
                      }
                    ],
                    "volume_mounts": [
                      {
                        "mount_path": "/cloudsql",
                        "name": "cloudsql"
                      }
                    ],
                    "working_dir": ""
                  }
                ],
                "encryption_key": "",
                "execution_environment": "",
                "labels": {},
                "max_instance_request_concurrency": 80,
                "revision": "",
                "scaling": [
                  {
                    "max_instance_count": 100,
                    "min_instance_count": 0
                  }
                ],
                "service_account": "rest-cloudrun-sa@dev-ingenius-app-173049.iam.gserviceaccount.com",
                "session_affinity": false,
                "timeout": "300s",
                "volumes": [
                  {
                    "cloud_sql_instance": [
                      {
                        "instances": [
                          "dev-ingenius-app-173049:us-central1:rest-db-instance"
                        ]
                      }
                    ],
                    "gcs": [],
                    "name": "cloudsql",
                    "nfs": [],
                    "secret": []
                  }
                ],
                "vpc_access": []
              }
            ],
            "terminal_condition": [
              {
                "execution_reason": "",
                "last_transition_time": "2024-07-09T18:30:54.193497Z",
                "message": "",
                "reason": "",
                "revision_reason": "",
                "severity": "",
                "state": "CONDITION_SUCCEEDED",
                "type": "Ready"
              }
            ],
            "terraform_labels": {},
            "timeouts": null,
            "traffic": [
              {
                "percent": 100,
                "revision": "",
                "tag": "",
                "type": "TRAFFIC_TARGET_ALLOCATION_TYPE_LATEST"
              }
            ],
            "traffic_statuses": [
              {
                "percent": 100,
                "revision": "",
                "tag": "",
                "type": "TRAFFIC_TARGET_ALLOCATION_TYPE_LATEST",
                "uri": ""
              }
            ],
            "uid": "6f029a7d-779a-435b-a7e4-7fc6166f6e40",
            "update_time": "2024-07-09T18:30:48.327333Z",
            "uri": "https://rest-cr-service-zp5moiy2ha-uc.a.run.app"
          },
          "sensitive_attributes": [],
          "private": "eyJlMmJmYjczMC1lY2FhLTExZTYtOGY4OC0zNDM2M2JjN2M0YzAiOnsiY3JlYXRlIjoxMjAwMDAwMDAwMDAwLCJkZWxldGUiOjEyMDAwMDAwMDAwMDAsInVwZGF0ZSI6MTIwMDAwMDAwMDAwMH19",
          "dependencies": [
            "data.google_project.dev",
            "module.rest_backend.google_artifact_registry_repository.rest_repo",
            "module.rest_backend.google_secret_manager_secret.rest_application_settings",
            "module.rest_backend.google_service_account.rest_cloudrun_sa",
            "module.rest_backend.google_sql_database_instance.rest_db_instance"
          ]
        }
      ]
    },
    {
      "module": "module.rest_backend",
      "mode": "managed",
      "type": "google_cloudbuild_trigger",
      "name": "rest_cloudbuild_trigger",
      "provider": "provider[\"registry.terraform.io/hashicorp/google\"]",
      "instances": [
        {
          "schema_version": 2,
          "attributes": {
            "approval_config": [
              {
                "approval_required": false
              }
            ],
            "bitbucket_server_trigger_config": [],
            "build": [
              {
                "artifacts": [],
                "available_secrets": [],
                "images": [
                  "us-central1-docker.pkg.dev/dev-ingenius-app-173049/rest-repo/rest-api"
                ],
                "logs_bucket": "",
                "options": [
                  {
                    "disk_size_gb": 0,
                    "dynamic_substitutions": false,
                    "env": [],
                    "log_streaming_option": "",
                    "logging": "CLOUD_LOGGING_ONLY",
                    "machine_type": "",
                    "requested_verify_option": "",
                    "secret_env": [],
                    "source_provenance_hash": [],
                    "substitution_option": "",
                    "volumes": [],
                    "worker_pool": ""
                  }
                ],
                "queue_ttl": "",
                "secret": [],
                "source": [],
                "step": [
                  {
                    "allow_exit_codes": [],
                    "allow_failure": false,
                    "args": [
                      "build",
                      "--builder",
                      "gcr.io/buildpacks/builder:v1",
                      "--path",
                      ".",
                      "--publish",
                      "us-central1-docker.pkg.dev/dev-ingenius-app-173049/rest-repo/rest-api"
                    ],
                    "dir": "",
                    "entrypoint": "",
                    "env": [],
                    "id": "",
                    "name": "gcr.io/k8s-skaffold/pack",
                    "script": "",
                    "secret_env": [],
                    "timeout": "",
                    "timing": "",
                    "volumes": [],
                    "wait_for": []
                  }
                ],
                "substitutions": {},
                "tags": [],
                "timeout": "600s"
              }
            ],
            "create_time": "2024-07-05T14:10:47.500951513Z",
            "description": "",
            "disabled": false,
            "filename": "",
            "filter": "",
            "git_file_source": [],
            "github": [],
            "id": "projects/dev-ingenius-app-173049/locations/us-central1/triggers/8bf7e1fe-0bba-4a0b-a047-344bb0b1efd2",
            "ignored_files": [],
            "include_build_logs": "",
            "included_files": [],
            "location": "us-central1",
            "name": "ingenius-rest-build",
            "project": "dev-ingenius-app-173049",
            "pubsub_config": [],
            "repository_event_config": [],
            "service_account": "projects/dev-ingenius-app-173049/serviceAccounts/rest-cloudbuild-sa@dev-ingenius-app-173049.iam.gserviceaccount.com",
            "source_to_build": [],
            "substitutions": {},
            "tags": [],
            "timeouts": null,
            "trigger_id": "8bf7e1fe-0bba-4a0b-a047-344bb0b1efd2",
            "trigger_template": [
              {
                "branch_name": "main",
                "commit_sha": "",
                "dir": "",
                "invert_regex": false,
                "project_id": "dev-ingenius-app-173049",
                "repo_name": "ingenius-rest",
                "tag_name": ""
              }
            ],
            "webhook_config": []
          },
          "sensitive_attributes": [],
          "private": "eyJlMmJmYjczMC1lY2FhLTExZTYtOGY4OC0zNDM2M2JjN2M0YzAiOnsiY3JlYXRlIjoxMjAwMDAwMDAwMDAwLCJkZWxldGUiOjEyMDAwMDAwMDAwMDAsInVwZGF0ZSI6MTIwMDAwMDAwMDAwMH0sInNjaGVtYV92ZXJzaW9uIjoiMiJ9",
          "dependencies": [
            "data.google_project.dev",
            "module.rest_backend.google_artifact_registry_repository.rest_repo",
            "module.rest_backend.google_project_iam_member.rest_cloudbuild_sa_act_as",
            "module.rest_backend.google_project_iam_member.rest_cloudbuild_sa_admin",
            "module.rest_backend.google_project_iam_member.rest_cloudbuild_sa_logs_writer",
            "module.rest_backend.google_project_iam_member.rest_cloudbuild_sa_push_to_ar",
            "module.rest_backend.google_project_iam_member.rest_cloudbuild_sa_run_cloud_run",
            "module.rest_backend.google_service_account.rest_rest_cloudbuild_sa"
          ]
        }
      ]
    },
    {
      "module": "module.rest_backend",
      "mode": "managed",
      "type": "google_project_iam_member",
      "name": "rest_cloudbuild_sa_act_as",
      "provider": "provider[\"registry.terraform.io/hashicorp/google\"]",
      "instances": [
        {
          "schema_version": 0,
          "attributes": {
            "condition": [],
            "etag": "BwYcgKDzuuc=",
            "id": "dev-ingenius-app-173049/roles/iam.serviceAccountUser/serviceAccount:rest-cloudbuild-sa@dev-ingenius-app-173049.iam.gserviceaccount.com",
            "member": "serviceAccount:rest-cloudbuild-sa@dev-ingenius-app-173049.iam.gserviceaccount.com",
            "project": "dev-ingenius-app-173049",
            "role": "roles/iam.serviceAccountUser"
          },
          "sensitive_attributes": [],
          "private": "bnVsbA==",
          "dependencies": [
            "data.google_project.dev",
            "module.rest_backend.google_service_account.rest_rest_cloudbuild_sa"
          ]
        }
      ]
    },
    {
      "module": "module.rest_backend",
      "mode": "managed",
      "type": "google_project_iam_member",
      "name": "rest_cloudbuild_sa_admin",
      "provider": "provider[\"registry.terraform.io/hashicorp/google\"]",
      "instances": [
        {
          "schema_version": 0,
          "attributes": {
            "condition": [],
            "etag": "BwYcgKDzuuc=",
            "id": "dev-ingenius-app-173049/roles/artifactregistry.admin/serviceAccount:rest-cloudbuild-sa@dev-ingenius-app-173049.iam.gserviceaccount.com",
            "member": "serviceAccount:rest-cloudbuild-sa@dev-ingenius-app-173049.iam.gserviceaccount.com",
            "project": "dev-ingenius-app-173049",
            "role": "roles/artifactregistry.admin"
          },
          "sensitive_attributes": [],
          "private": "bnVsbA==",
          "dependencies": [
            "data.google_project.dev",
            "module.rest_backend.google_service_account.rest_rest_cloudbuild_sa"
          ]
        }
      ]
    },
    {
      "module": "module.rest_backend",
      "mode": "managed",
      "type": "google_project_iam_member",
      "name": "rest_cloudbuild_sa_logs_writer",
      "provider": "provider[\"registry.terraform.io/hashicorp/google\"]",
      "instances": [
        {
          "schema_version": 0,
          "attributes": {
            "condition": [],
            "etag": "BwYcgKDzuuc=",
            "id": "dev-ingenius-app-173049/roles/logging.logWriter/serviceAccount:rest-cloudbuild-sa@dev-ingenius-app-173049.iam.gserviceaccount.com",
            "member": "serviceAccount:rest-cloudbuild-sa@dev-ingenius-app-173049.iam.gserviceaccount.com",
            "project": "dev-ingenius-app-173049",
            "role": "roles/logging.logWriter"
          },
          "sensitive_attributes": [],
          "private": "bnVsbA==",
          "dependencies": [
            "data.google_project.dev",
            "module.rest_backend.google_service_account.rest_rest_cloudbuild_sa"
          ]
        }
      ]
    },
    {
      "module": "module.rest_backend",
      "mode": "managed",
      "type": "google_project_iam_member",
      "name": "rest_cloudbuild_sa_push_to_ar",
      "provider": "provider[\"registry.terraform.io/hashicorp/google\"]",
      "instances": [
        {
          "schema_version": 0,
          "attributes": {
            "condition": [],
            "etag": "BwYcgKDzuuc=",
            "id": "dev-ingenius-app-173049/roles/artifactregistry.writer/serviceAccount:rest-cloudbuild-sa@dev-ingenius-app-173049.iam.gserviceaccount.com",
            "member": "serviceAccount:rest-cloudbuild-sa@dev-ingenius-app-173049.iam.gserviceaccount.com",
            "project": "dev-ingenius-app-173049",
            "role": "roles/artifactregistry.writer"
          },
          "sensitive_attributes": [],
          "private": "bnVsbA==",
          "dependencies": [
            "data.google_project.dev",
            "module.rest_backend.google_service_account.rest_rest_cloudbuild_sa"
          ]
        }
      ]
    },
    {
      "module": "module.rest_backend",
      "mode": "managed",
      "type": "google_project_iam_member",
      "name": "rest_cloudbuild_sa_run_cloud_run",
      "provider": "provider[\"registry.terraform.io/hashicorp/google\"]",
      "instances": [
        {
          "schema_version": 0,
          "attributes": {
            "condition": [],
            "etag": "BwYcgKDzuuc=",
            "id": "dev-ingenius-app-173049/roles/run.admin/serviceAccount:rest-cloudbuild-sa@dev-ingenius-app-173049.iam.gserviceaccount.com",
            "member": "serviceAccount:rest-cloudbuild-sa@dev-ingenius-app-173049.iam.gserviceaccount.com",
            "project": "dev-ingenius-app-173049",
            "role": "roles/run.admin"
          },
          "sensitive_attributes": [],
          "private": "bnVsbA==",
          "dependencies": [
            "data.google_project.dev",
            "module.rest_backend.google_service_account.rest_rest_cloudbuild_sa"
          ]
        }
      ]
    },
    {
      "module": "module.rest_backend",
      "mode": "managed",
      "type": "google_project_iam_member",
      "name": "rest_cloudrun_sa_act_as",
      "provider": "provider[\"registry.terraform.io/hashicorp/google\"]",
      "instances": [
        {
          "schema_version": 0,
          "attributes": {
            "condition": [],
            "etag": "BwYcgKDzuuc=",
            "id": "dev-ingenius-app-173049/roles/cloudsql.client/serviceAccount:rest-cloudrun-sa@dev-ingenius-app-173049.iam.gserviceaccount.com",
            "member": "serviceAccount:rest-cloudrun-sa@dev-ingenius-app-173049.iam.gserviceaccount.com",
            "project": "dev-ingenius-app-173049",
            "role": "roles/cloudsql.client"
          },
          "sensitive_attributes": [],
          "private": "bnVsbA==",
          "dependencies": [
            "data.google_project.dev",
            "module.rest_backend.google_service_account.rest_cloudrun_sa"
          ]
        }
      ]
    },
    {
      "module": "module.rest_backend",
      "mode": "managed",
      "type": "google_project_iam_member",
      "name": "rest_cloudrun_sa_secret_access",
      "provider": "provider[\"registry.terraform.io/hashicorp/google\"]",
      "instances": [
        {
          "schema_version": 0,
          "attributes": {
            "condition": [],
            "etag": "BwYcgKDzuuc=",
            "id": "dev-ingenius-app-173049/roles/secretmanager.secretAccessor/serviceAccount:rest-cloudrun-sa@dev-ingenius-app-173049.iam.gserviceaccount.com",
            "member": "serviceAccount:rest-cloudrun-sa@dev-ingenius-app-173049.iam.gserviceaccount.com",
            "project": "dev-ingenius-app-173049",
            "role": "roles/secretmanager.secretAccessor"
          },
          "sensitive_attributes": [],
          "private": "bnVsbA==",
          "dependencies": [
            "data.google_project.dev",
            "module.rest_backend.google_service_account.rest_cloudrun_sa"
          ]
        }
      ]
    },
    {
      "module": "module.rest_backend",
      "mode": "managed",
      "type": "google_project_iam_member",
      "name": "rest_cloudrun_sa_storage_bucket",
      "provider": "provider[\"registry.terraform.io/hashicorp/google\"]",
      "instances": [
        {
          "schema_version": 0,
          "attributes": {
            "condition": [],
            "etag": "BwYcgKDzuuc=",
            "id": "dev-ingenius-app-173049/roles/storage.admin/serviceAccount:rest-cloudrun-sa@dev-ingenius-app-173049.iam.gserviceaccount.com",
            "member": "serviceAccount:rest-cloudrun-sa@dev-ingenius-app-173049.iam.gserviceaccount.com",
            "project": "dev-ingenius-app-173049",
            "role": "roles/storage.admin"
          },
          "sensitive_attributes": [],
          "private": "bnVsbA==",
          "dependencies": [
            "data.google_project.dev",
            "module.rest_backend.google_service_account.rest_cloudrun_sa"
          ]
        }
      ]
    },
    {
      "module": "module.rest_backend",
      "mode": "managed",
      "type": "google_project_service",
      "name": "secretmanager",
      "provider": "provider[\"registry.terraform.io/hashicorp/google-beta\"]",
      "instances": [
        {
          "schema_version": 0,
          "attributes": {
            "disable_dependent_services": null,
            "disable_on_destroy": true,
            "id": "dev-ingenius-app-173049/secretmanager.googleapis.com",
            "project": "dev-ingenius-app-173049",
            "service": "secretmanager.googleapis.com",
            "timeouts": null
          },
          "sensitive_attributes": [],
          "private": "eyJlMmJmYjczMC1lY2FhLTExZTYtOGY4OC0zNDM2M2JjN2M0YzAiOnsiY3JlYXRlIjoxMjAwMDAwMDAwMDAwLCJkZWxldGUiOjEyMDAwMDAwMDAwMDAsInJlYWQiOjYwMDAwMDAwMDAwMCwidXBkYXRlIjoxMjAwMDAwMDAwMDAwfX0=",
          "dependencies": [
            "data.google_project.dev"
          ]
        }
      ]
    },
    {
      "module": "module.rest_backend",
      "mode": "managed",
      "type": "google_secret_manager_secret",
      "name": "django_superuser_pw_secret",
      "provider": "provider[\"registry.terraform.io/hashicorp/google-beta\"]",
      "instances": [
        {
          "schema_version": 0,
          "attributes": {
            "annotations": {},
            "create_time": "2024-07-05T14:10:49.205547Z",
            "effective_annotations": {},
            "effective_labels": {},
            "expire_time": "",
            "id": "projects/dev-ingenius-app-173049/secrets/django_superuser_pw_secret",
            "labels": {},
            "name": "projects/1008550909912/secrets/django_superuser_pw_secret",
            "project": "dev-ingenius-app-173049",
            "replication": [
              {
                "auto": [
                  {
                    "customer_managed_encryption": []
                  }
                ],
                "user_managed": []
              }
            ],
            "rotation": [],
            "secret_id": "django_superuser_pw_secret",
            "terraform_labels": {},
            "timeouts": null,
            "topics": [],
            "ttl": null,
            "version_aliases": {},
            "version_destroy_ttl": ""
          },
          "sensitive_attributes": [],
          "private": "eyJlMmJmYjczMC1lY2FhLTExZTYtOGY4OC0zNDM2M2JjN2M0YzAiOnsiY3JlYXRlIjoxMjAwMDAwMDAwMDAwLCJkZWxldGUiOjEyMDAwMDAwMDAwMDAsInVwZGF0ZSI6MTIwMDAwMDAwMDAwMH19",
          "dependencies": [
            "data.google_project.dev",
            "module.rest_backend.google_project_service.secretmanager"
          ]
        }
      ]
    },
    {
      "module": "module.rest_backend",
      "mode": "managed",
      "type": "google_secret_manager_secret",
      "name": "rest_application_settings",
      "provider": "provider[\"registry.terraform.io/hashicorp/google-beta\"]",
      "instances": [
        {
          "schema_version": 0,
          "attributes": {
            "annotations": {},
            "create_time": "2024-07-05T14:10:49.277298Z",
            "effective_annotations": {},
            "effective_labels": {},
            "expire_time": "",
            "id": "projects/dev-ingenius-app-173049/secrets/rest-application-settings",
            "labels": {},
            "name": "projects/1008550909912/secrets/rest-application-settings",
            "project": "dev-ingenius-app-173049",
            "replication": [
              {
                "auto": [
                  {
                    "customer_managed_encryption": []
                  }
                ],
                "user_managed": []
              }
            ],
            "rotation": [],
            "secret_id": "rest-application-settings",
            "terraform_labels": {},
            "timeouts": null,
            "topics": [],
            "ttl": null,
            "version_aliases": {},
            "version_destroy_ttl": ""
          },
          "sensitive_attributes": [],
          "private": "eyJlMmJmYjczMC1lY2FhLTExZTYtOGY4OC0zNDM2M2JjN2M0YzAiOnsiY3JlYXRlIjoxMjAwMDAwMDAwMDAwLCJkZWxldGUiOjEyMDAwMDAwMDAwMDAsInVwZGF0ZSI6MTIwMDAwMDAwMDAwMH19",
          "dependencies": [
            "data.google_project.dev",
            "module.rest_backend.google_project_service.secretmanager"
          ]
        }
      ]
    },
    {
      "module": "module.rest_backend",
      "mode": "managed",
      "type": "google_secret_manager_secret_version",
      "name": "django_superuser_pw_secret_version",
      "provider": "provider[\"registry.terraform.io/hashicorp/google-beta\"]",
      "instances": [
        {
          "schema_version": 0,
          "attributes": {
            "create_time": "2024-07-05T14:10:49.869184Z",
            "deletion_policy": "DELETE",
            "destroy_time": "",
            "enabled": true,
            "id": "projects/1008550909912/secrets/django_superuser_pw_secret/versions/1",
            "is_secret_data_base64": false,
            "name": "projects/1008550909912/secrets/django_superuser_pw_secret/versions/1",
            "secret": "projects/dev-ingenius-app-173049/secrets/django_superuser_pw_secret",
            "secret_data": "kHDBk8hRvWGU0GDY14mJmoBzqqhQMO",
            "timeouts": null,
            "version": "1"
          },
          "sensitive_attributes": [],
          "private": "eyJlMmJmYjczMC1lY2FhLTExZTYtOGY4OC0zNDM2M2JjN2M0YzAiOnsiY3JlYXRlIjoxMjAwMDAwMDAwMDAwLCJkZWxldGUiOjEyMDAwMDAwMDAwMDAsInVwZGF0ZSI6MTIwMDAwMDAwMDAwMH19",
          "dependencies": [
            "data.google_project.dev",
            "module.rest_backend.google_project_service.secretmanager",
            "module.rest_backend.google_secret_manager_secret.django_superuser_pw_secret",
            "module.rest_backend.random_string.django_superuser_pw"
          ]
        }
      ]
    },
    {
      "module": "module.rest_backend",
      "mode": "managed",
      "type": "google_secret_manager_secret_version",
      "name": "rest_application_settings_secret_version",
      "provider": "provider[\"registry.terraform.io/hashicorp/google-beta\"]",
      "instances": [
        {
          "schema_version": 0,
          "attributes": {
            "create_time": "2024-07-05T14:10:49.945243Z",
            "deletion_policy": "DELETE",
            "destroy_time": "",
            "enabled": true,
            "id": "projects/1008550909912/secrets/rest-application-settings/versions/1",
            "is_secret_data_base64": false,
            "name": "projects/1008550909912/secrets/rest-application-settings/versions/1",
            "secret": "projects/dev-ingenius-app-173049/secrets/rest-application-settings",
            "secret_data": "DATABASE_URL=\"postgres://djuser:password@//cloudsql/dev-ingenius-app-173049:us-central1:rest-db-instance/rest-db-db\"\nGS_BUCKET_NAME=\"rest-backend-media-storage-5h5of\"\nSECRET_KEY=\"aoVD8EE73SqWIFXgOK5d8p56K1ZHc5yrzT1gRHqNOwx7D0IsQL\"",
            "timeouts": null,
            "version": "1"
          },
          "sensitive_attributes": [
            [
              {
                "type": "get_attr",
                "value": "secret_data"
              }
            ]
          ],
          "private": "eyJlMmJmYjczMC1lY2FhLTExZTYtOGY4OC0zNDM2M2JjN2M0YzAiOnsiY3JlYXRlIjoxMjAwMDAwMDAwMDAwLCJkZWxldGUiOjEyMDAwMDAwMDAwMDAsInVwZGF0ZSI6MTIwMDAwMDAwMDAwMH19",
          "dependencies": [
            "data.google_project.dev",
            "module.rest_backend.google_project_service.secretmanager",
            "module.rest_backend.google_secret_manager_secret.rest_application_settings",
            "module.rest_backend.google_sql_database.rest_db_db",
            "module.rest_backend.google_sql_database_instance.rest_db_instance",
            "module.rest_backend.google_sql_user.rest_db_user",
            "module.rest_backend.google_storage_bucket.media_storage",
            "module.rest_backend.random_string.bucket_suffix",
            "module.rest_backend.random_string.secret_key"
          ]
        }
      ]
    },
    {
      "module": "module.rest_backend",
      "mode": "managed",
      "type": "google_service_account",
      "name": "rest_cloudrun_sa",
      "provider": "provider[\"registry.terraform.io/hashicorp/google\"]",
      "instances": [
        {
          "schema_version": 0,
          "attributes": {
            "account_id": "rest-cloudrun-sa",
            "create_ignore_already_exists": null,
            "description": "",
            "disabled": false,
            "display_name": "",
            "email": "rest-cloudrun-sa@dev-ingenius-app-173049.iam.gserviceaccount.com",
            "id": "projects/dev-ingenius-app-173049/serviceAccounts/rest-cloudrun-sa@dev-ingenius-app-173049.iam.gserviceaccount.com",
            "member": "serviceAccount:rest-cloudrun-sa@dev-ingenius-app-173049.iam.gserviceaccount.com",
            "name": "projects/dev-ingenius-app-173049/serviceAccounts/rest-cloudrun-sa@dev-ingenius-app-173049.iam.gserviceaccount.com",
            "project": "dev-ingenius-app-173049",
            "timeouts": null,
            "unique_id": "100026542027450306317"
          },
          "sensitive_attributes": [],
          "private": "eyJlMmJmYjczMC1lY2FhLTExZTYtOGY4OC0zNDM2M2JjN2M0YzAiOnsiY3JlYXRlIjozMDAwMDAwMDAwMDB9fQ=="
        }
      ]
    },
    {
      "module": "module.rest_backend",
      "mode": "managed",
      "type": "google_service_account",
      "name": "rest_rest_cloudbuild_sa",
      "provider": "provider[\"registry.terraform.io/hashicorp/google\"]",
      "instances": [
        {
          "schema_version": 0,
          "attributes": {
            "account_id": "rest-cloudbuild-sa",
            "create_ignore_already_exists": null,
            "description": "",
            "disabled": false,
            "display_name": "",
            "email": "rest-cloudbuild-sa@dev-ingenius-app-173049.iam.gserviceaccount.com",
            "id": "projects/dev-ingenius-app-173049/serviceAccounts/rest-cloudbuild-sa@dev-ingenius-app-173049.iam.gserviceaccount.com",
            "member": "serviceAccount:rest-cloudbuild-sa@dev-ingenius-app-173049.iam.gserviceaccount.com",
            "name": "projects/dev-ingenius-app-173049/serviceAccounts/rest-cloudbuild-sa@dev-ingenius-app-173049.iam.gserviceaccount.com",
            "project": "dev-ingenius-app-173049",
            "timeouts": null,
            "unique_id": "118293193731541813032"
          },
          "sensitive_attributes": [],
          "private": "eyJlMmJmYjczMC1lY2FhLTExZTYtOGY4OC0zNDM2M2JjN2M0YzAiOnsiY3JlYXRlIjozMDAwMDAwMDAwMDB9fQ=="
        }
      ]
    },
    {
      "module": "module.rest_backend",
      "mode": "managed",
      "type": "google_sql_database",
      "name": "rest_db_db",
      "provider": "provider[\"registry.terraform.io/hashicorp/google\"]",
      "instances": [
        {
          "schema_version": 0,
          "attributes": {
            "charset": "UTF8",
            "collation": "en_US.UTF8",
            "deletion_policy": "DELETE",
            "id": "projects/dev-ingenius-app-173049/instances/rest-db-instance/databases/rest-db-db",
            "instance": "rest-db-instance",
            "name": "rest-db-db",
            "project": "dev-ingenius-app-173049",
            "self_link": "https://sqladmin.googleapis.com/sql/v1beta4/projects/dev-ingenius-app-173049/instances/rest-db-instance/databases/rest-db-db",
            "timeouts": null
          },
          "sensitive_attributes": [],
          "private": "eyJlMmJmYjczMC1lY2FhLTExZTYtOGY4OC0zNDM2M2JjN2M0YzAiOnsiY3JlYXRlIjoxMjAwMDAwMDAwMDAwLCJkZWxldGUiOjEyMDAwMDAwMDAwMDAsInVwZGF0ZSI6MTIwMDAwMDAwMDAwMH19",
          "dependencies": [
            "module.rest_backend.google_sql_database_instance.rest_db_instance"
          ]
        }
      ]
    },
    {
      "module": "module.rest_backend",
      "mode": "managed",
      "type": "google_sql_database_instance",
      "name": "rest_db_instance",
      "provider": "provider[\"registry.terraform.io/hashicorp/google\"]",
      "instances": [
        {
          "schema_version": 0,
          "attributes": {
            "available_maintenance_versions": [],
            "clone": [],
            "connection_name": "dev-ingenius-app-173049:us-central1:rest-db-instance",
            "database_version": "POSTGRES_15",
            "deletion_protection": true,
            "dns_name": "",
            "encryption_key_name": null,
            "first_ip_address": "34.66.56.72",
            "id": "rest-db-instance",
            "instance_type": "CLOUD_SQL_INSTANCE",
            "ip_address": [
              {
                "ip_address": "34.66.56.72",
                "time_to_retire": "",
                "type": "PRIMARY"
              },
              {
                "ip_address": "34.122.226.245",
                "time_to_retire": "",
                "type": "OUTGOING"
              }
            ],
            "maintenance_version": "POSTGRES_15_7.R20240514.00_06",
            "master_instance_name": "",
            "name": "rest-db-instance",
            "private_ip_address": "",
            "project": "dev-ingenius-app-173049",
            "psc_service_attachment_link": "",
            "public_ip_address": "34.66.56.72",
            "region": "us-central1",
            "replica_configuration": [],
            "restore_backup_context": [],
            "root_password": null,
            "self_link": "https://sqladmin.googleapis.com/sql/v1beta4/projects/dev-ingenius-app-173049/instances/rest-db-instance",
            "server_ca_cert": [
              {
                "cert": "-----BEGIN CERTIFICATE-----\nMIIDfzCCAmegAwIBAgIBADANBgkqhkiG9w0BAQsFADB3MS0wKwYDVQQuEyQzYjMz\nN2NhZi1hYzUzLTRkMzctYTYzOC0yZWFiYmUwOTdiMmIxIzAhBgNVBAMTGkdvb2ds\nZSBDbG91ZCBTUUwgU2VydmVyIENBMRQwEgYDVQQKEwtHb29nbGUsIEluYzELMAkG\nA1UEBhMCVVMwHhcNMjQwNzA1MTI0NjA3WhcNMzQwNzAzMTI0NzA3WjB3MS0wKwYD\nVQQuEyQzYjMzN2NhZi1hYzUzLTRkMzctYTYzOC0yZWFiYmUwOTdiMmIxIzAhBgNV\nBAMTGkdvb2dsZSBDbG91ZCBTUUwgU2VydmVyIENBMRQwEgYDVQQKEwtHb29nbGUs\nIEluYzELMAkGA1UEBhMCVVMwggEiMA0GCSqGSIb3DQEBAQUAA4IBDwAwggEKAoIB\nAQDNtP1d6AST3fT4o/A3KvH2K2QtoMvC76M8GCzJYbRmCU+A1KdnexTdNGIO3v/E\nPhF2V+rMVzrtfIidk4L93k2VgS0Iv7/UgDig9qghZ91hgHvapiOZdNzCFjcmezm6\nTGCq/6XB6AwlYCTTHPci7Z4DaeNOdOmlMGEK/fUd2x/29f83P/iVf56uGnOlgW/Y\nt2e+bKsnhAd0KoAGgys6YbVPHhOqluF8/sRsD41Fmm3qsvYvEaVOGwDK15tnliGe\ngB1ku4aRDrXNOHi75Nrd8VBCJ2RDjw4322LEn1JJvwm27y8W2Sf0SnkKthNE2Wxd\n61y6pcxFt7iIC0mHruZySALjAgMBAAGjFjAUMBIGA1UdEwEB/wQIMAYBAf8CAQAw\nDQYJKoZIhvcNAQELBQADggEBAFn5ImixIbzSyUffRaC/AjlvUTrXFEvBm5+lVIdg\nUNhMFMxUksJ048VsN3+bQ9O75Km/krjxN9wApE+9neI8/xCteBlZyLO38utdwLUy\nVrPZTRsksweGp9R9/2/Jhr+BShjaLm+yx1LNGHk589IUgLfR9YT3dPgPoU6mUlTS\n3zV6UME99QoffJWsGuRl4lLD5YN2lJKXh6nbs6PoGixOzzIQq9Y/exEar/S1EgiP\nypeJ2cluRK/WtfHAgzN5w0SnAwn/C7mQWE1jZCT6um7mxl7Lc3ziyPoxUc5r7N8t\no0wStH7kWJ9PBvl+SJVXYEzWRt4WVrq+4h+nP6qdNxlM++c=\n-----END CERTIFICATE-----",
                "common_name": "C=US,O=Google\\, Inc,CN=Google Cloud SQL Server CA,dnQualifier=3b337caf-ac53-4d37-a638-2eabbe097b2b",
                "create_time": "2024-07-05T12:46:07.628Z",
                "expiration_time": "2034-07-03T12:47:07.628Z",
                "sha1_fingerprint": "1a9849f7eac42b8c44e9e97ab5a892b341f92993"
              }
            ],
            "service_account_email_address": "p1008550909912-bdifhu@gcp-sa-cloud-sql.iam.gserviceaccount.com",
            "settings": [
              {
                "activation_policy": "ALWAYS",
                "active_directory_config": [],
                "advanced_machine_features": [],
                "availability_type": "ZONAL",
                "backup_configuration": [
                  {
                    "backup_retention_settings": [
                      {
                        "retained_backups": 7,
                        "retention_unit": "COUNT"
                      }
                    ],
                    "binary_log_enabled": false,
                    "enabled": false,
                    "location": "",
                    "point_in_time_recovery_enabled": false,
                    "start_time": "05:00",
                    "transaction_log_retention_days": 7
                  }
                ],
                "collation": "",
                "connector_enforcement": "NOT_REQUIRED",
                "data_cache_config": [],
                "database_flags": [],
                "deletion_protection_enabled": false,
                "deny_maintenance_period": [],
                "disk_autoresize": true,
                "disk_autoresize_limit": 0,
                "disk_size": 10,
                "disk_type": "PD_SSD",
                "edition": "ENTERPRISE",
                "enable_google_ml_integration": false,
                "insights_config": [],
                "ip_configuration": [
                  {
                    "allocated_ip_range": "",
                    "authorized_networks": [],
                    "enable_private_path_for_google_cloud_services": false,
                    "ipv4_enabled": true,
                    "private_network": "",
                    "psc_config": [],
                    "require_ssl": false,
                    "ssl_mode": ""
                  }
                ],
                "location_preference": [
                  {
                    "follow_gae_application": "",
                    "secondary_zone": "",
                    "zone": "us-central1-c"
                  }
                ],
                "maintenance_window": [],
                "password_validation_policy": [],
                "pricing_plan": "PER_USE",
                "sql_server_audit_config": [],
                "tier": "db-f1-micro",
                "time_zone": "",
                "user_labels": {},
                "version": 2
              }
            ],
            "timeouts": null
          },
          "sensitive_attributes": [],
          "private": "eyJlMmJmYjczMC1lY2FhLTExZTYtOGY4OC0zNDM2M2JjN2M0YzAiOnsiY3JlYXRlIjo1NDAwMDAwMDAwMDAwLCJkZWxldGUiOjU0MDAwMDAwMDAwMDAsInVwZGF0ZSI6NTQwMDAwMDAwMDAwMH19"
        }
      ]
    },
    {
      "module": "module.rest_backend",
      "mode": "managed",
      "type": "google_sql_user",
      "name": "rest_db_user",
      "provider": "provider[\"registry.terraform.io/hashicorp/google\"]",
      "instances": [
        {
          "schema_version": 1,
          "attributes": {
            "deletion_policy": null,
            "host": "",
            "id": "djuser//rest-db-instance",
            "instance": "rest-db-instance",
            "name": "djuser",
            "password": "password",
            "password_policy": [],
            "project": "dev-ingenius-app-173049",
            "sql_server_user_details": [],
            "timeouts": null,
            "type": ""
          },
          "sensitive_attributes": [],
          "private": "eyJlMmJmYjczMC1lY2FhLTExZTYtOGY4OC0zNDM2M2JjN2M0YzAiOnsiY3JlYXRlIjo2MDAwMDAwMDAwMDAsImRlbGV0ZSI6NjAwMDAwMDAwMDAwLCJ1cGRhdGUiOjYwMDAwMDAwMDAwMH0sInNjaGVtYV92ZXJzaW9uIjoiMSJ9",
          "dependencies": [
            "module.rest_backend.google_sql_database_instance.rest_db_instance"
          ]
        }
      ]
    },
    {
      "module": "module.rest_backend",
      "mode": "managed",
      "type": "google_storage_bucket",
      "name": "media_storage",
      "provider": "provider[\"registry.terraform.io/hashicorp/google\"]",
      "instances": [
        {
          "schema_version": 1,
          "attributes": {
            "autoclass": [],
            "cors": [],
            "custom_placement_config": [],
            "default_event_based_hold": false,
            "effective_labels": {},
            "enable_object_retention": false,
            "encryption": [],
            "force_destroy": false,
            "id": "rest-backend-media-storage-5h5of",
            "labels": {},
            "lifecycle_rule": [],
            "location": "US",
            "logging": [],
            "name": "rest-backend-media-storage-5h5of",
            "project": "dev-ingenius-app-173049",
            "project_number": 1008550909912,
            "public_access_prevention": "inherited",
            "requester_pays": false,
            "retention_policy": [],
            "rpo": "DEFAULT",
            "self_link": "https://www.googleapis.com/storage/v1/b/rest-backend-media-storage-5h5of",
            "soft_delete_policy": [
              {
                "effective_time": "2024-07-05T14:10:28.512Z",
                "retention_duration_seconds": 604800
              }
            ],
            "storage_class": "STANDARD",
            "terraform_labels": {},
            "timeouts": null,
            "uniform_bucket_level_access": false,
            "url": "gs://rest-backend-media-storage-5h5of",
            "versioning": [],
            "website": []
          },
          "sensitive_attributes": [],
          "private": "eyJlMmJmYjczMC1lY2FhLTExZTYtOGY4OC0zNDM2M2JjN2M0YzAiOnsiY3JlYXRlIjo2MDAwMDAwMDAwMDAsInJlYWQiOjI0MDAwMDAwMDAwMCwidXBkYXRlIjoyNDAwMDAwMDAwMDB9LCJzY2hlbWFfdmVyc2lvbiI6IjEifQ==",
          "dependencies": [
            "module.rest_backend.random_string.bucket_suffix"
          ]
        }
      ]
    },
    {
      "module": "module.rest_backend",
      "mode": "managed",
      "type": "random_string",
      "name": "bucket_suffix",
      "provider": "provider[\"registry.terraform.io/hashicorp/random\"]",
      "instances": [
        {
          "schema_version": 2,
          "attributes": {
            "id": "5h5of",
            "keepers": null,
            "length": 5,
            "lower": true,
            "min_lower": 0,
            "min_numeric": 0,
            "min_special": 0,
            "min_upper": 0,
            "number": true,
            "numeric": true,
            "override_special": null,
            "result": "5h5of",
            "special": false,
            "upper": false
          },
          "sensitive_attributes": []
        }
      ]
    },
    {
      "module": "module.rest_backend",
      "mode": "managed",
      "type": "random_string",
      "name": "django_superuser_pw",
      "provider": "provider[\"registry.terraform.io/hashicorp/random\"]",
      "instances": [
        {
          "schema_version": 2,
          "attributes": {
            "id": "kHDBk8hRvWGU0GDY14mJmoBzqqhQMO",
            "keepers": null,
            "length": 30,
            "lower": true,
            "min_lower": 0,
            "min_numeric": 0,
            "min_special": 0,
            "min_upper": 0,
            "number": true,
            "numeric": true,
            "override_special": null,
            "result": "kHDBk8hRvWGU0GDY14mJmoBzqqhQMO",
            "special": false,
            "upper": true
          },
          "sensitive_attributes": []
        }
      ]
    },
    {
      "module": "module.rest_backend",
      "mode": "managed",
      "type": "random_string",
      "name": "secret_key",
      "provider": "provider[\"registry.terraform.io/hashicorp/random\"]",
      "instances": [
        {
          "schema_version": 2,
          "attributes": {
            "id": "aoVD8EE73SqWIFXgOK5d8p56K1ZHc5yrzT1gRHqNOwx7D0IsQL",
            "keepers": null,
            "length": 50,
            "lower": true,
            "min_lower": 0,
            "min_numeric": 0,
            "min_special": 0,
            "min_upper": 0,
            "number": true,
            "numeric": true,
            "override_special": null,
            "result": "aoVD8EE73SqWIFXgOK5d8p56K1ZHc5yrzT1gRHqNOwx7D0IsQL",
            "special": false,
            "upper": true
          },
          "sensitive_attributes": []
        }
      ]
    }
  ],
  "check_results": null
}
